// !$*UTF8*$!
{
	archiveVersion = 1;
	classes = {
	};
	objectVersion = 55;
	objects = {

/* Begin PBXBuildFile section */
		B589C64A27A8BAA000BEFF17 /* NameCollisionDemoApp.swift in Sources */ = {isa = PBXBuildFile; fileRef = B589C64927A8BAA000BEFF17 /* NameCollisionDemoApp.swift */; };
		B589C64C27A8BAA000BEFF17 /* ContentView.swift in Sources */ = {isa = PBXBuildFile; fileRef = B589C64B27A8BAA000BEFF17 /* ContentView.swift */; };
		B589C64E27A8BAA100BEFF17 /* Assets.xcassets in Resources */ = {isa = PBXBuildFile; fileRef = B589C64D27A8BAA100BEFF17 /* Assets.xcassets */; };
		B589C65127A8BAA100BEFF17 /* Preview Assets.xcassets in Resources */ = {isa = PBXBuildFile; fileRef = B589C65027A8BAA100BEFF17 /* Preview Assets.xcassets */; };
		B589C68527A968E600BEFF17 /* WalkInThePark.swift in Sources */ = {isa = PBXBuildFile; fileRef = B589C68427A968E600BEFF17 /* WalkInThePark.swift */; };
		B5E2038527A96CB0006E54E3 /* Animal.framework in Frameworks */ = {isa = PBXBuildFile; fileRef = B5E2038427A96CB0006E54E3 /* Animal.framework */; };
		B5E2038627A96CB0006E54E3 /* Animal.framework in Embed Frameworks */ = {isa = PBXBuildFile; fileRef = B5E2038427A96CB0006E54E3 /* Animal.framework */; settings = {ATTRIBUTES = (CodeSignOnCopy, RemoveHeadersOnCopy, ); }; };
/* End PBXBuildFile section */

/* Begin PBXCopyFilesBuildPhase section */
		B5E2038727A96CB0006E54E3 /* Embed Frameworks */ = {
			isa = PBXCopyFilesBuildPhase;
			buildActionMask = 2147483647;
			dstPath = "";
			dstSubfolderSpec = 10;
			files = (
				B5E2038627A96CB0006E54E3 /* Animal.framework in Embed Frameworks */,
			);
			name = "Embed Frameworks";
			runOnlyForDeploymentPostprocessing = 0;
		};
/* End PBXCopyFilesBuildPhase section */

/* Begin PBXFileReference section */
		B589C64627A8BAA000BEFF17 /* NameCollisionDemo.app */ = {isa = PBXFileReference; explicitFileType = wrapper.application; includeInIndex = 0; path = NameCollisionDemo.app; sourceTree = BUILT_PRODUCTS_DIR; };
		B589C64927A8BAA000BEFF17 /* NameCollisionDemoApp.swift */ = {isa = PBXFileReference; lastKnownFileType = sourcecode.swift; path = NameCollisionDemoApp.swift; sourceTree = "<group>"; };
		B589C64B27A8BAA000BEFF17 /* ContentView.swift */ = {isa = PBXFileReference; lastKnownFileType = sourcecode.swift; path = ContentView.swift; sourceTree = "<group>"; };
		B589C64D27A8BAA100BEFF17 /* Assets.xcassets */ = {isa = PBXFileReference; lastKnownFileType = folder.assetcatalog; path = Assets.xcassets; sourceTree = "<group>"; };
		B589C65027A8BAA100BEFF17 /* Preview Assets.xcassets */ = {isa = PBXFileReference; lastKnownFileType = folder.assetcatalog; path = "Preview Assets.xcassets"; sourceTree = "<group>"; };
		B589C68427A968E600BEFF17 /* WalkInThePark.swift */ = {isa = PBXFileReference; lastKnownFileType = sourcecode.swift; path = WalkInThePark.swift; sourceTree = "<group>"; };
		B5E2038427A96CB0006E54E3 /* Animal.framework */ = {isa = PBXFileReference; explicitFileType = wrapper.framework; path = Animal.framework; sourceTree = BUILT_PRODUCTS_DIR; };
/* End PBXFileReference section */

/* Begin PBXFrameworksBuildPhase section */
		B589C64327A8BAA000BEFF17 /* Frameworks */ = {
			isa = PBXFrameworksBuildPhase;
			buildActionMask = 2147483647;
			files = (
				B5E2038527A96CB0006E54E3 /* Animal.framework in Frameworks */,
			);
			runOnlyForDeploymentPostprocessing = 0;
		};
/* End PBXFrameworksBuildPhase section */

/* Begin PBXGroup section */
		B589C63D27A8BAA000BEFF17 = {
			isa = PBXGroup;
			children = (
				B589C64827A8BAA000BEFF17 /* NameCollisionDemo */,
				B589C64727A8BAA000BEFF17 /* Products */,
				B5E2038327A96CB0006E54E3 /* Frameworks */,
			);
			sourceTree = "<group>";
		};
		B589C64727A8BAA000BEFF17 /* Products */ = {
			isa = PBXGroup;
			children = (
				B589C64627A8BAA000BEFF17 /* NameCollisionDemo.app */,
			);
			name = Products;
			sourceTree = "<group>";
		};
		B589C64827A8BAA000BEFF17 /* NameCollisionDemo */ = {
			isa = PBXGroup;
			children = (
				B589C64927A8BAA000BEFF17 /* NameCollisionDemoApp.swift */,
				B589C64B27A8BAA000BEFF17 /* ContentView.swift */,
				B589C64D27A8BAA100BEFF17 /* Assets.xcassets */,
				B589C64F27A8BAA100BEFF17 /* Preview Content */,
				B589C68427A968E600BEFF17 /* WalkInThePark.swift */,
			);
			path = NameCollisionDemo;
			sourceTree = "<group>";
		};
		B589C64F27A8BAA100BEFF17 /* Preview Content */ = {
			isa = PBXGroup;
			children = (
				B589C65027A8BAA100BEFF17 /* Preview Assets.xcassets */,
			);
			path = "Preview Content";
			sourceTree = "<group>";
		};
		B5E2038327A96CB0006E54E3 /* Frameworks */ = {
			isa = PBXGroup;
			children = (
				B5E2038427A96CB0006E54E3 /* Animal.framework */,
			);
			name = Frameworks;
			sourceTree = "<group>";
		};
/* End PBXGroup section */

/* Begin PBXNativeTarget section */
		B589C64527A8BAA000BEFF17 /* NameCollisionDemo */ = {
			isa = PBXNativeTarget;
			buildConfigurationList = B589C65427A8BAA100BEFF17 /* Build configuration list for PBXNativeTarget "NameCollisionDemo" */;
			buildPhases = (
				B589C64227A8BAA000BEFF17 /* Sources */,
				B589C64327A8BAA000BEFF17 /* Frameworks */,
				B589C64427A8BAA000BEFF17 /* Resources */,
				B5E2038727A96CB0006E54E3 /* Embed Frameworks */,
			);
			buildRules = (
			);
			dependencies = (
			);
			name = NameCollisionDemo;
			packageProductDependencies = (
			);
			productName = NameCollisionDemo;
			productReference = B589C64627A8BAA000BEFF17 /* NameCollisionDemo.app */;
			productType = "com.apple.product-type.application";
		};
/* End PBXNativeTarget section */

/* Begin PBXProject section */
		B589C63E27A8BAA000BEFF17 /* Project object */ = {
			isa = PBXProject;
			attributes = {
				BuildIndependentTargetsInParallel = 1;
				LastSwiftUpdateCheck = 1320;
				LastUpgradeCheck = 1320;
				TargetAttributes = {
					B589C64527A8BAA000BEFF17 = {
						CreatedOnToolsVersion = 13.2.1;
					};
				};
			};
			buildConfigurationList = B589C64127A8BAA000BEFF17 /* Build configuration list for PBXProject "NameCollisionDemo" */;
			compatibilityVersion = "Xcode 13.0";
			developmentRegion = en;
			hasScannedForEncodings = 0;
			knownRegions = (
				en,
				Base,
			);
			mainGroup = B589C63D27A8BAA000BEFF17;
			packageReferences = (
			);
			productRefGroup = B589C64727A8BAA000BEFF17 /* Products */;
			projectDirPath = "";
			projectRoot = "";
			targets = (
				B589C64527A8BAA000BEFF17 /* NameCollisionDemo */,
			);
		};
/* End PBXProject section */

/* Begin PBXResourcesBuildPhase section */
		B589C64427A8BAA000BEFF17 /* Resources */ = {
			isa = PBXResourcesBuildPhase;
			buildActionMask = 2147483647;
			files = (
				B589C65127A8BAA100BEFF17 /* Preview Assets.xcassets in Resources */,
				B589C64E27A8BAA100BEFF17 /* Assets.xcassets in Resources */,
			);
			runOnlyForDeploymentPostprocessing = 0;
		};
/* End PBXResourcesBuildPhase section */

/* Begin PBXSourcesBuildPhase section */
		B589C64227A8BAA000BEFF17 /* Sources */ = {
			isa = PBXSourcesBuildPhase;
			buildActionMask = 2147483647;
			files = (
				B589C64C27A8BAA000BEFF17 /* ContentView.swift in Sources */,
				B589C64A27A8BAA000BEFF17 /* NameCollisionDemoApp.swift in Sources */,
				B589C68527A968E600BEFF17 /* WalkInThePark.swift in Sources */,
			);
			runOnlyForDeploymentPostprocessing = 0;
		};
/* End PBXSourcesBuildPhase section */

/* Begin XCBuildConfiguration section */
		B589C65227A8BAA100BEFF17 /* Debug */ = {
			isa = XCBuildConfiguration;
			buildSettings = {
				ALWAYS_SEARCH_USER_PATHS = NO;
				CLANG_ANALYZER_NONNULL = YES;
				CLANG_ANALYZER_NUMBER_OBJECT_CONVERSION = YES_AGGRESSIVE;
				CLANG_CXX_LANGUAGE_STANDARD = "gnu++17";
				CLANG_CXX_LIBRARY = "libc++";
				CLANG_ENABLE_MODULES = YES;
				CLANG_ENABLE_OBJC_ARC = YES;
				CLANG_ENABLE_OBJC_WEAK = YES;
				CLANG_WARN_BLOCK_CAPTURE_AUTORELEASING = YES;
				CLANG_WARN_BOOL_CONVERSION = YES;
				CLANG_WARN_COMMA = YES;
				CLANG_WARN_CONSTANT_CONVERSION = YES;
				CLANG_WARN_DEPRECATED_OBJC_IMPLEMENTATIONS = YES;
				CLANG_WARN_DIRECT_OBJC_ISA_USAGE = YES_ERROR;
				CLANG_WARN_DOCUMENTATION_COMMENTS = YES;
				CLANG_WARN_EMPTY_BODY = YES;
				CLANG_WARN_ENUM_CONVERSION = YES;
				CLANG_WARN_INFINITE_RECURSION = YES;
				CLANG_WARN_INT_CONVERSION = YES;
				CLANG_WARN_NON_LITERAL_NULL_CONVERSION = YES;
				CLANG_WARN_OBJC_IMPLICIT_RETAIN_SELF = YES;
				CLANG_WARN_OBJC_LITERAL_CONVERSION = YES;
				CLANG_WARN_OBJC_ROOT_CLASS = YES_ERROR;
				CLANG_WARN_QUOTED_INCLUDE_IN_FRAMEWORK_HEADER = YES;
				CLANG_WARN_RANGE_LOOP_ANALYSIS = YES;
				CLANG_WARN_STRICT_PROTOTYPES = YES;
				CLANG_WARN_SUSPICIOUS_MOVE = YES;
				CLANG_WARN_UNGUARDED_AVAILABILITY = YES_AGGRESSIVE;
				CLANG_WARN_UNREACHABLE_CODE = YES;
				CLANG_WARN__DUPLICATE_METHOD_MATCH = YES;
				COPY_PHASE_STRIP = NO;
				DEBUG_INFORMATION_FORMAT = dwarf;
				ENABLE_STRICT_OBJC_MSGSEND = YES;
				ENABLE_TESTABILITY = YES;
				GCC_C_LANGUAGE_STANDARD = gnu11;
				GCC_DYNAMIC_NO_PIC = NO;
				GCC_NO_COMMON_BLOCKS = YES;
				GCC_OPTIMIZATION_LEVEL = 0;
				GCC_PREPROCESSOR_DEFINITIONS = (
					"DEBUG=1",
					"$(inherited)",
				);
				GCC_WARN_64_TO_32_BIT_CONVERSION = YES;
				GCC_WARN_ABOUT_RETURN_TYPE = YES_ERROR;
				GCC_WARN_UNDECLARED_SELECTOR = YES;
				GCC_WARN_UNINITIALIZED_AUTOS = YES_AGGRESSIVE;
				GCC_WARN_UNUSED_FUNCTION = YES;
				GCC_WARN_UNUSED_VARIABLE = YES;
				IPHONEOS_DEPLOYMENT_TARGET = 15.2;
				MTL_ENABLE_DEBUG_INFO = INCLUDE_SOURCE;
				MTL_FAST_MATH = YES;
				ONLY_ACTIVE_ARCH = YES;
				SDKROOT = iphoneos;
				SWIFT_ACTIVE_COMPILATION_CONDITIONS = DEBUG;
				SWIFT_OPTIMIZATION_LEVEL = "-Onone";
			};
			name = Debug;
		};
		B589C65327A8BAA100BEFF17 /* Release */ = {
			isa = XCBuildConfiguration;
			buildSettings = {
				ALWAYS_SEARCH_USER_PATHS = NO;
				CLANG_ANALYZER_NONNULL = YES;
				CLANG_ANALYZER_NUMBER_OBJECT_CONVERSION = YES_AGGRESSIVE;
				CLANG_CXX_LANGUAGE_STANDARD = "gnu++17";
				CLANG_CXX_LIBRARY = "libc++";
				CLANG_ENABLE_MODULES = YES;
				CLANG_ENABLE_OBJC_ARC = YES;
				CLANG_ENABLE_OBJC_WEAK = YES;
				CLANG_WARN_BLOCK_CAPTURE_AUTORELEASING = YES;
				CLANG_WARN_BOOL_CONVERSION = YES;
				CLANG_WARN_COMMA = YES;
				CLANG_WARN_CONSTANT_CONVERSION = YES;
				CLANG_WARN_DEPRECATED_OBJC_IMPLEMENTATIONS = YES;
				CLANG_WARN_DIRECT_OBJC_ISA_USAGE = YES_ERROR;
				CLANG_WARN_DOCUMENTATION_COMMENTS = YES;
				CLANG_WARN_EMPTY_BODY = YES;
				CLANG_WARN_ENUM_CONVERSION = YES;
				CLANG_WARN_INFINITE_RECURSION = YES;
				CLANG_WARN_INT_CONVERSION = YES;
				CLANG_WARN_NON_LITERAL_NULL_CONVERSION = YES;
				CLANG_WARN_OBJC_IMPLICIT_RETAIN_SELF = YES;
				CLANG_WARN_OBJC_LITERAL_CONVERSION = YES;
				CLANG_WARN_OBJC_ROOT_CLASS = YES_ERROR;
				CLANG_WARN_QUOTED_INCLUDE_IN_FRAMEWORK_HEADER = YES;
				CLANG_WARN_RANGE_LOOP_ANALYSIS = YES;
				CLANG_WARN_STRICT_PROTOTYPES = YES;
				CLANG_WARN_SUSPICIOUS_MOVE = YES;
				CLANG_WARN_UNGUARDED_AVAILABILITY = YES_AGGRESSIVE;
				CLANG_WARN_UNREACHABLE_CODE = YES;
				CLANG_WARN__DUPLICATE_METHOD_MATCH = YES;
				COPY_PHASE_STRIP = NO;
				DEBUG_INFORMATION_FORMAT = "dwarf-with-dsym";
				ENABLE_NS_ASSERTIONS = NO;
				ENABLE_STRICT_OBJC_MSGSEND = YES;
				GCC_C_LANGUAGE_STANDARD = gnu11;
				GCC_NO_COMMON_BLOCKS = YES;
				GCC_WARN_64_TO_32_BIT_CONVERSION = YES;
				GCC_WARN_ABOUT_RETURN_TYPE = YES_ERROR;
				GCC_WARN_UNDECLARED_SELECTOR = YES;
				GCC_WARN_UNINITIALIZED_AUTOS = YES_AGGRESSIVE;
				GCC_WARN_UNUSED_FUNCTION = YES;
				GCC_WARN_UNUSED_VARIABLE = YES;
				IPHONEOS_DEPLOYMENT_TARGET = 15.2;
				MTL_ENABLE_DEBUG_INFO = NO;
				MTL_FAST_MATH = YES;
				SDKROOT = iphoneos;
				SWIFT_COMPILATION_MODE = wholemodule;
				SWIFT_OPTIMIZATION_LEVEL = "-O";
				VALIDATE_PRODUCT = YES;
			};
			name = Release;
		};
		B589C65527A8BAA100BEFF17 /* Debug */ = {
			isa = XCBuildConfiguration;
			buildSettings = {
				ASSETCATALOG_COMPILER_APPICON_NAME = AppIcon;
				ASSETCATALOG_COMPILER_GLOBAL_ACCENT_COLOR_NAME = AccentColor;
				CODE_SIGN_STYLE = Automatic;
				CURRENT_PROJECT_VERSION = 1;
				DEVELOPMENT_ASSET_PATHS = "\"NameCollisionDemo/Preview Content\"";
				DEVELOPMENT_TEAM = LHJA6J73E9;
				ENABLE_PREVIEWS = YES;
				GENERATE_INFOPLIST_FILE = YES;
				INFOPLIST_KEY_UIApplicationSceneManifest_Generation = YES;
				INFOPLIST_KEY_UIApplicationSupportsIndirectInputEvents = YES;
				INFOPLIST_KEY_UILaunchScreen_Generation = YES;
				INFOPLIST_KEY_UISupportedInterfaceOrientations_iPad = "UIInterfaceOrientationPortrait UIInterfaceOrientationPortraitUpsideDown UIInterfaceOrientationLandscapeLeft UIInterfaceOrientationLandscapeRight";
				INFOPLIST_KEY_UISupportedInterfaceOrientations_iPhone = "UIInterfaceOrientationPortrait UIInterfaceOrientationLandscapeLeft UIInterfaceOrientationLandscapeRight";
				LD_RUNPATH_SEARCH_PATHS = (
					"$(inherited)",
					"@executable_path/Frameworks",
				);
				MARKETING_VERSION = 1.0;
				PRODUCT_BUNDLE_IDENTIFIER = com.swiftandtips.NameCollisionDemo;
				PRODUCT_NAME = "$(TARGET_NAME)";
				SWIFT_EMIT_LOC_STRINGS = YES;
				SWIFT_VERSION = 5.0;
				TARGETED_DEVICE_FAMILY = "1,2";
			};
			name = Debug;
		};
		B589C65627A8BAA100BEFF17 /* Release */ = {
			isa = XCBuildConfiguration;
			buildSettings = {
				ASSETCATALOG_COMPILER_APPICON_NAME = AppIcon;
				ASSETCATALOG_COMPILER_GLOBAL_ACCENT_COLOR_NAME = AccentColor;
				CODE_SIGN_STYLE = Automatic;
				CURRENT_PROJECT_VERSION = 1;
				DEVELOPMENT_ASSET_PATHS = "\"NameCollisionDemo/Preview Content\"";
				DEVELOPMENT_TEAM = LHJA6J73E9;
				ENABLE_PREVIEWS = YES;
				GENERATE_INFOPLIST_FILE = YES;
				INFOPLIST_KEY_UIApplicationSceneManifest_Generation = YES;
				INFOPLIST_KEY_UIApplicationSupportsIndirectInputEvents = YES;
				INFOPLIST_KEY_UILaunchScreen_Generation = YES;
				INFOPLIST_KEY_UISupportedInterfaceOrientations_iPad = "UIInterfaceOrientationPortrait UIInterfaceOrientationPortraitUpsideDown UIInterfaceOrientationLandscapeLeft UIInterfaceOrientationLandscapeRight";
				INFOPLIST_KEY_UISupportedInterfaceOrientations_iPhone = "UIInterfaceOrientationPortrait UIInterfaceOrientationLandscapeLeft UIInterfaceOrientationLandscapeRight";
				LD_RUNPATH_SEARCH_PATHS = (
					"$(inherited)",
					"@executable_path/Frameworks",
				);
				MARKETING_VERSION = 1.0;
				PRODUCT_BUNDLE_IDENTIFIER = com.swiftandtips.NameCollisionDemo;
				PRODUCT_NAME = "$(TARGET_NAME)";
				SWIFT_EMIT_LOC_STRINGS = YES;
				SWIFT_VERSION = 5.0;
				TARGETED_DEVICE_FAMILY = "1,2";
			};
			name = Release;
		};
/* End XCBuildConfiguration section */

/* Begin XCConfigurationList section */
		B589C64127A8BAA000BEFF17 /* Build configuration list for PBXProject "NameCollisionDemo" */ = {
			isa = XCConfigurationList;
			buildConfigurations = (
				B589C65227A8BAA100BEFF17 /* Debug */,
				B589C65327A8BAA100BEFF17 /* Release */,
			);
			defaultConfigurationIsVisible = 0;
			defaultConfigurationName = Release;
		};
		B589C65427A8BAA100BEFF17 /* Build configuration list for PBXNativeTarget "NameCollisionDemo" */ = {
			isa = XCConfigurationList;
			buildConfigurations = (
				B589C65527A8BAA100BEFF17 /* Debug */,
				B589C65627A8BAA100BEFF17 /* Release */,
			);
			defaultConfigurationIsVisible = 0;
			defaultConfigurationName = Release;
		};
/* End XCConfigurationList section */
	};
	rootObject = B589C63E27A8BAA000BEFF17 /* Project object */;
}
