// !$*UTF8*$!
{
	archiveVersion = 1;
	classes = {
	};
	objectVersion = 50;
	objects = {

/* Begin PBXBuildFile section */
		EB3C26D425A009C400812779 /* EnvironmentObjectDemoApp.swift in Sources */ = {isa = PBXBuildFile; fileRef = EB3C26D325A009C400812779 /* EnvironmentObjectDemoApp.swift */; };
		EB3C26D625A009C400812779 /* MainView.swift in Sources */ = {isa = PBXBuildFile; fileRef = EB3C26D525A009C400812779 /* MainView.swift */; };
		EB3C26D825A009C600812779 /* Assets.xcassets in Resources */ = {isa = PBXBuildFile; fileRef = EB3C26D725A009C600812779 /* Assets.xcassets */; };
		EB3C26DB25A009C600812779 /* Preview Assets.xcassets in Resources */ = {isa = PBXBuildFile; fileRef = EB3C26DA25A009C600812779 /* Preview Assets.xcassets */; };
		EB3C26E425A00A0600812779 /* User.swift in Sources */ = {isa = PBXBuildFile; fileRef = EB3C26E325A00A0600812779 /* User.swift */; };
		EB3C26EB25A00C1B00812779 /* Food.swift in Sources */ = {isa = PBXBuildFile; fileRef = EB3C26EA25A00C1B00812779 /* Food.swift */; };
		EB3C26F625A0105500812779 /* OrderView.swift in Sources */ = {isa = PBXBuildFile; fileRef = EB3C26F525A0105500812779 /* OrderView.swift */; };
		EB3C26F925A0121600812779 /* OrderCell.swift in Sources */ = {isa = PBXBuildFile; fileRef = EB3C26F825A0121600812779 /* OrderCell.swift */; };
		EB812DFE25A27D3B00064DFA /* FoodView.swift in Sources */ = {isa = PBXBuildFile; fileRef = EB812DFD25A27D3B00064DFA /* FoodView.swift */; };
		EB812E0225A27D4600064DFA /* BeverageView.swift in Sources */ = {isa = PBXBuildFile; fileRef = EB812E0125A27D4600064DFA /* BeverageView.swift */; };
		EB812E0525A27D4F00064DFA /* DessertView.swift in Sources */ = {isa = PBXBuildFile; fileRef = EB812E0425A27D4F00064DFA /* DessertView.swift */; };
		EB812E0825A29D6700064DFA /* CheckoutView.swift in Sources */ = {isa = PBXBuildFile; fileRef = EB812E0725A29D6700064DFA /* CheckoutView.swift */; };
/* End PBXBuildFile section */

/* Begin PBXFileReference section */
		EB3C26D025A009C400812779 /* EnvironmentObjectDemo.app */ = {isa = PBXFileReference; explicitFileType = wrapper.application; includeInIndex = 0; path = EnvironmentObjectDemo.app; sourceTree = BUILT_PRODUCTS_DIR; };
		EB3C26D325A009C400812779 /* EnvironmentObjectDemoApp.swift */ = {isa = PBXFileReference; lastKnownFileType = sourcecode.swift; path = EnvironmentObjectDemoApp.swift; sourceTree = "<group>"; };
		EB3C26D525A009C400812779 /* MainView.swift */ = {isa = PBXFileReference; lastKnownFileType = sourcecode.swift; path = MainView.swift; sourceTree = "<group>"; };
		EB3C26D725A009C600812779 /* Assets.xcassets */ = {isa = PBXFileReference; lastKnownFileType = folder.assetcatalog; path = Assets.xcassets; sourceTree = "<group>"; };
		EB3C26DA25A009C600812779 /* Preview Assets.xcassets */ = {isa = PBXFileReference; lastKnownFileType = folder.assetcatalog; path = "Preview Assets.xcassets"; sourceTree = "<group>"; };
		EB3C26DC25A009C600812779 /* Info.plist */ = {isa = PBXFileReference; lastKnownFileType = text.plist.xml; path = Info.plist; sourceTree = "<group>"; };
		EB3C26E325A00A0600812779 /* User.swift */ = {isa = PBXFileReference; lastKnownFileType = sourcecode.swift; path = User.swift; sourceTree = "<group>"; };
		EB3C26EA25A00C1B00812779 /* Food.swift */ = {isa = PBXFileReference; lastKnownFileType = sourcecode.swift; path = Food.swift; sourceTree = "<group>"; };
		EB3C26F525A0105500812779 /* OrderView.swift */ = {isa = PBXFileReference; lastKnownFileType = sourcecode.swift; path = OrderView.swift; sourceTree = "<group>"; };
		EB3C26F825A0121600812779 /* OrderCell.swift */ = {isa = PBXFileReference; lastKnownFileType = sourcecode.swift; path = OrderCell.swift; sourceTree = "<group>"; };
		EB812DFD25A27D3B00064DFA /* FoodView.swift */ = {isa = PBXFileReference; lastKnownFileType = sourcecode.swift; path = FoodView.swift; sourceTree = "<group>"; };
		EB812E0125A27D4600064DFA /* BeverageView.swift */ = {isa = PBXFileReference; lastKnownFileType = sourcecode.swift; path = BeverageView.swift; sourceTree = "<group>"; };
		EB812E0425A27D4F00064DFA /* DessertView.swift */ = {isa = PBXFileReference; lastKnownFileType = sourcecode.swift; path = DessertView.swift; sourceTree = "<group>"; };
		EB812E0725A29D6700064DFA /* CheckoutView.swift */ = {isa = PBXFileReference; lastKnownFileType = sourcecode.swift; path = CheckoutView.swift; sourceTree = "<group>"; };
/* End PBXFileReference section */

/* Begin PBXFrameworksBuildPhase section */
		EB3C26CD25A009C400812779 /* Frameworks */ = {
			isa = PBXFrameworksBuildPhase;
			buildActionMask = 2147483647;
			files = (
			);
			runOnlyForDeploymentPostprocessing = 0;
		};
/* End PBXFrameworksBuildPhase section */

/* Begin PBXGroup section */
		EB3C26C725A009C400812779 = {
			isa = PBXGroup;
			children = (
				EB3C26D225A009C400812779 /* EnvironmentObjectDemo */,
				EB3C26D125A009C400812779 /* Products */,
			);
			sourceTree = "<group>";
		};
		EB3C26D125A009C400812779 /* Products */ = {
			isa = PBXGroup;
			children = (
				EB3C26D025A009C400812779 /* EnvironmentObjectDemo.app */,
			);
			name = Products;
			sourceTree = "<group>";
		};
		EB3C26D225A009C400812779 /* EnvironmentObjectDemo */ = {
			isa = PBXGroup;
			children = (
				EB812DFC25A27D2E00064DFA /* Views */,
				EB3C26F425A0102300812779 /* Orders */,
				EB3C26E625A00B9A00812779 /* Model */,
				EB3C26D325A009C400812779 /* EnvironmentObjectDemoApp.swift */,
				EB3C26D525A009C400812779 /* MainView.swift */,
				EB3C26D725A009C600812779 /* Assets.xcassets */,
				EB3C26DC25A009C600812779 /* Info.plist */,
				EB3C26D925A009C600812779 /* Preview Content */,
			);
			path = EnvironmentObjectDemo;
			sourceTree = "<group>";
		};
		EB3C26D925A009C600812779 /* Preview Content */ = {
			isa = PBXGroup;
			children = (
				EB3C26DA25A009C600812779 /* Preview Assets.xcassets */,
			);
			path = "Preview Content";
			sourceTree = "<group>";
		};
		EB3C26E625A00B9A00812779 /* Model */ = {
			isa = PBXGroup;
			children = (
				EB3C26EA25A00C1B00812779 /* Food.swift */,
				EB3C26E325A00A0600812779 /* User.swift */,
			);
			path = Model;
			sourceTree = "<group>";
		};
		EB3C26F425A0102300812779 /* Orders */ = {
			isa = PBXGroup;
			children = (
				EB3C26F525A0105500812779 /* OrderView.swift */,
				EB3C26F825A0121600812779 /* OrderCell.swift */,
			);
			path = Orders;
			sourceTree = "<group>";
		};
		EB812DFC25A27D2E00064DFA /* Views */ = {
			isa = PBXGroup;
			children = (
				EB812DFD25A27D3B00064DFA /* FoodView.swift */,
				EB812E0125A27D4600064DFA /* BeverageView.swift */,
				EB812E0425A27D4F00064DFA /* DessertView.swift */,
				EB812E0725A29D6700064DFA /* CheckoutView.swift */,
			);
			path = Views;
			sourceTree = "<group>";
		};
/* End PBXGroup section */

/* Begin PBXNativeTarget section */
		EB3C26CF25A009C400812779 /* EnvironmentObjectDemo */ = {
			isa = PBXNativeTarget;
			buildConfigurationList = EB3C26DF25A009C600812779 /* Build configuration list for PBXNativeTarget "EnvironmentObjectDemo" */;
			buildPhases = (
				EB3C26CC25A009C400812779 /* Sources */,
				EB3C26CD25A009C400812779 /* Frameworks */,
				EB3C26CE25A009C400812779 /* Resources */,
			);
			buildRules = (
			);
			dependencies = (
			);
			name = EnvironmentObjectDemo;
			productName = EnvironmentObjectDemo;
			productReference = EB3C26D025A009C400812779 /* EnvironmentObjectDemo.app */;
			productType = "com.apple.product-type.application";
		};
/* End PBXNativeTarget section */

/* Begin PBXProject section */
		EB3C26C825A009C400812779 /* Project object */ = {
			isa = PBXProject;
			attributes = {
				LastSwiftUpdateCheck = 1230;
				LastUpgradeCheck = 1230;
				TargetAttributes = {
					EB3C26CF25A009C400812779 = {
						CreatedOnToolsVersion = 12.3;
					};
				};
			};
			buildConfigurationList = EB3C26CB25A009C400812779 /* Build configuration list for PBXProject "EnvironmentObjectDemo" */;
			compatibilityVersion = "Xcode 9.3";
			developmentRegion = en;
			hasScannedForEncodings = 0;
			knownRegions = (
				en,
				Base,
			);
			mainGroup = EB3C26C725A009C400812779;
			productRefGroup = EB3C26D125A009C400812779 /* Products */;
			projectDirPath = "";
			projectRoot = "";
			targets = (
				EB3C26CF25A009C400812779 /* EnvironmentObjectDemo */,
			);
		};
/* End PBXProject section */

/* Begin PBXResourcesBuildPhase section */
		EB3C26CE25A009C400812779 /* Resources */ = {
			isa = PBXResourcesBuildPhase;
			buildActionMask = 2147483647;
			files = (
				EB3C26DB25A009C600812779 /* Preview Assets.xcassets in Resources */,
				EB3C26D825A009C600812779 /* Assets.xcassets in Resources */,
			);
			runOnlyForDeploymentPostprocessing = 0;
		};
/* End PBXResourcesBuildPhase section */

/* Begin PBXSourcesBuildPhase section */
		EB3C26CC25A009C400812779 /* Sources */ = {
			isa = PBXSourcesBuildPhase;
			buildActionMask = 2147483647;
			files = (
				EB3C26F625A0105500812779 /* OrderView.swift in Sources */,
				EB812E0225A27D4600064DFA /* BeverageView.swift in Sources */,
				EB812E0825A29D6700064DFA /* CheckoutView.swift in Sources */,
				EB3C26F925A0121600812779 /* OrderCell.swift in Sources */,
				EB812DFE25A27D3B00064DFA /* FoodView.swift in Sources */,
				EB3C26D625A009C400812779 /* MainView.swift in Sources */,
				EB3C26EB25A00C1B00812779 /* Food.swift in Sources */,
				EB3C26D425A009C400812779 /* EnvironmentObjectDemoApp.swift in Sources */,
				EB3C26E425A00A0600812779 /* User.swift in Sources */,
				EB812E0525A27D4F00064DFA /* DessertView.swift in Sources */,
			);
			runOnlyForDeploymentPostprocessing = 0;
		};
/* End PBXSourcesBuildPhase section */

/* Begin XCBuildConfiguration section */
		EB3C26DD25A009C600812779 /* Debug */ = {
			isa = XCBuildConfiguration;
			buildSettings = {
				ALWAYS_SEARCH_USER_PATHS = NO;
				CLANG_ANALYZER_NONNULL = YES;
				CLANG_ANALYZER_NUMBER_OBJECT_CONVERSION = YES_AGGRESSIVE;
				CLANG_CXX_LANGUAGE_STANDARD = "gnu++14";
				CLANG_CXX_LIBRARY = "libc++";
				CLANG_ENABLE_MODULES = YES;
				CLANG_ENABLE_OBJC_ARC = YES;
				CLANG_ENABLE_OBJC_WEAK = YES;
				CLANG_WARN_BLOCK_CAPTURE_AUTORELEASING = YES;
				CLANG_WARN_BOOL_CONVERSION = YES;
				CLANG_WARN_COMMA = YES;
				CLANG_WARN_CONSTANT_CONVERSION = YES;
				CLANG_WARN_DEPRECATED_OBJC_IMPLEMENTATIONS = YES;
				CLANG_WARN_DIRECT_OBJC_ISA_USAGE = YES_ERROR;
				CLANG_WARN_DOCUMENTATION_COMMENTS = YES;
				CLANG_WARN_EMPTY_BODY = YES;
				CLANG_WARN_ENUM_CONVERSION = YES;
				CLANG_WARN_INFINITE_RECURSION = YES;
				CLANG_WARN_INT_CONVERSION = YES;
				CLANG_WARN_NON_LITERAL_NULL_CONVERSION = YES;
				CLANG_WARN_OBJC_IMPLICIT_RETAIN_SELF = YES;
				CLANG_WARN_OBJC_LITERAL_CONVERSION = YES;
				CLANG_WARN_OBJC_ROOT_CLASS = YES_ERROR;
				CLANG_WARN_QUOTED_INCLUDE_IN_FRAMEWORK_HEADER = YES;
				CLANG_WARN_RANGE_LOOP_ANALYSIS = YES;
				CLANG_WARN_STRICT_PROTOTYPES = YES;
				CLANG_WARN_SUSPICIOUS_MOVE = YES;
				CLANG_WARN_UNGUARDED_AVAILABILITY = YES_AGGRESSIVE;
				CLANG_WARN_UNREACHABLE_CODE = YES;
				CLANG_WARN__DUPLICATE_METHOD_MATCH = YES;
				COPY_PHASE_STRIP = NO;
				DEBUG_INFORMATION_FORMAT = dwarf;
				ENABLE_STRICT_OBJC_MSGSEND = YES;
				ENABLE_TESTABILITY = YES;
				GCC_C_LANGUAGE_STANDARD = gnu11;
				GCC_DYNAMIC_NO_PIC = NO;
				GCC_NO_COMMON_BLOCKS = YES;
				GCC_OPTIMIZATION_LEVEL = 0;
				GCC_PREPROCESSOR_DEFINITIONS = (
					"DEBUG=1",
					"$(inherited)",
				);
				GCC_WARN_64_TO_32_BIT_CONVERSION = YES;
				GCC_WARN_ABOUT_RETURN_TYPE = YES_ERROR;
				GCC_WARN_UNDECLARED_SELECTOR = YES;
				GCC_WARN_UNINITIALIZED_AUTOS = YES_AGGRESSIVE;
				GCC_WARN_UNUSED_FUNCTION = YES;
				GCC_WARN_UNUSED_VARIABLE = YES;
				IPHONEOS_DEPLOYMENT_TARGET = 14.3;
				MTL_ENABLE_DEBUG_INFO = INCLUDE_SOURCE;
				MTL_FAST_MATH = YES;
				ONLY_ACTIVE_ARCH = YES;
				SDKROOT = iphoneos;
				SWIFT_ACTIVE_COMPILATION_CONDITIONS = DEBUG;
				SWIFT_OPTIMIZATION_LEVEL = "-Onone";
			};
			name = Debug;
		};
		EB3C26DE25A009C600812779 /* Release */ = {
			isa = XCBuildConfiguration;
			buildSettings = {
				ALWAYS_SEARCH_USER_PATHS = NO;
				CLANG_ANALYZER_NONNULL = YES;
				CLANG_ANALYZER_NUMBER_OBJECT_CONVERSION = YES_AGGRESSIVE;
				CLANG_CXX_LANGUAGE_STANDARD = "gnu++14";
				CLANG_CXX_LIBRARY = "libc++";
				CLANG_ENABLE_MODULES = YES;
				CLANG_ENABLE_OBJC_ARC = YES;
				CLANG_ENABLE_OBJC_WEAK = YES;
				CLANG_WARN_BLOCK_CAPTURE_AUTORELEASING = YES;
				CLANG_WARN_BOOL_CONVERSION = YES;
				CLANG_WARN_COMMA = YES;
				CLANG_WARN_CONSTANT_CONVERSION = YES;
				CLANG_WARN_DEPRECATED_OBJC_IMPLEMENTATIONS = YES;
				CLANG_WARN_DIRECT_OBJC_ISA_USAGE = YES_ERROR;
				CLANG_WARN_DOCUMENTATION_COMMENTS = YES;
				CLANG_WARN_EMPTY_BODY = YES;
				CLANG_WARN_ENUM_CONVERSION = YES;
				CLANG_WARN_INFINITE_RECURSION = YES;
				CLANG_WARN_INT_CONVERSION = YES;
				CLANG_WARN_NON_LITERAL_NULL_CONVERSION = YES;
				CLANG_WARN_OBJC_IMPLICIT_RETAIN_SELF = YES;
				CLANG_WARN_OBJC_LITERAL_CONVERSION = YES;
				CLANG_WARN_OBJC_ROOT_CLASS = YES_ERROR;
				CLANG_WARN_QUOTED_INCLUDE_IN_FRAMEWORK_HEADER = YES;
				CLANG_WARN_RANGE_LOOP_ANALYSIS = YES;
				CLANG_WARN_STRICT_PROTOTYPES = YES;
				CLANG_WARN_SUSPICIOUS_MOVE = YES;
				CLANG_WARN_UNGUARDED_AVAILABILITY = YES_AGGRESSIVE;
				CLANG_WARN_UNREACHABLE_CODE = YES;
				CLANG_WARN__DUPLICATE_METHOD_MATCH = YES;
				COPY_PHASE_STRIP = NO;
				DEBUG_INFORMATION_FORMAT = "dwarf-with-dsym";
				ENABLE_NS_ASSERTIONS = NO;
				ENABLE_STRICT_OBJC_MSGSEND = YES;
				GCC_C_LANGUAGE_STANDARD = gnu11;
				GCC_NO_COMMON_BLOCKS = YES;
				GCC_WARN_64_TO_32_BIT_CONVERSION = YES;
				GCC_WARN_ABOUT_RETURN_TYPE = YES_ERROR;
				GCC_WARN_UNDECLARED_SELECTOR = YES;
				GCC_WARN_UNINITIALIZED_AUTOS = YES_AGGRESSIVE;
				GCC_WARN_UNUSED_FUNCTION = YES;
				GCC_WARN_UNUSED_VARIABLE = YES;
				IPHONEOS_DEPLOYMENT_TARGET = 14.3;
				MTL_ENABLE_DEBUG_INFO = NO;
				MTL_FAST_MATH = YES;
				SDKROOT = iphoneos;
				SWIFT_COMPILATION_MODE = wholemodule;
				SWIFT_OPTIMIZATION_LEVEL = "-O";
				VALIDATE_PRODUCT = YES;
			};
			name = Release;
		};
		EB3C26E025A009C600812779 /* Debug */ = {
			isa = XCBuildConfiguration;
			buildSettings = {
				ASSETCATALOG_COMPILER_APPICON_NAME = AppIcon;
				ASSETCATALOG_COMPILER_GLOBAL_ACCENT_COLOR_NAME = AccentColor;
				CODE_SIGN_STYLE = Automatic;
				DEVELOPMENT_ASSET_PATHS = "\"EnvironmentObjectDemo/Preview Content\"";
				DEVELOPMENT_TEAM = LHJA6J73E9;
				ENABLE_PREVIEWS = YES;
				INFOPLIST_FILE = EnvironmentObjectDemo/Info.plist;
				IPHONEOS_DEPLOYMENT_TARGET = 14.0;
				LD_RUNPATH_SEARCH_PATHS = (
					"$(inherited)",
					"@executable_path/Frameworks",
				);
				PRODUCT_BUNDLE_IDENTIFIER = com.swiftandtips.EnvironmentObjectDemo;
				PRODUCT_NAME = "$(TARGET_NAME)";
				SWIFT_VERSION = 5.0;
				TARGETED_DEVICE_FAMILY = "1,2";
			};
			name = Debug;
		};
		EB3C26E125A009C600812779 /* Release */ = {
			isa = XCBuildConfiguration;
			buildSettings = {
				ASSETCATALOG_COMPILER_APPICON_NAME = AppIcon;
				ASSETCATALOG_COMPILER_GLOBAL_ACCENT_COLOR_NAME = AccentColor;
				CODE_SIGN_STYLE = Automatic;
				DEVELOPMENT_ASSET_PATHS = "\"EnvironmentObjectDemo/Preview Content\"";
				DEVELOPMENT_TEAM = LHJA6J73E9;
				ENABLE_PREVIEWS = YES;
				INFOPLIST_FILE = EnvironmentObjectDemo/Info.plist;
				IPHONEOS_DEPLOYMENT_TARGET = 14.0;
				LD_RUNPATH_SEARCH_PATHS = (
					"$(inherited)",
					"@executable_path/Frameworks",
				);
				PRODUCT_BUNDLE_IDENTIFIER = com.swiftandtips.EnvironmentObjectDemo;
				PRODUCT_NAME = "$(TARGET_NAME)";
				SWIFT_VERSION = 5.0;
				TARGETED_DEVICE_FAMILY = "1,2";
			};
			name = Release;
		};
/* End XCBuildConfiguration section */

/* Begin XCConfigurationList section */
		EB3C26CB25A009C400812779 /* Build configuration list for PBXProject "EnvironmentObjectDemo" */ = {
			isa = XCConfigurationList;
			buildConfigurations = (
				EB3C26DD25A009C600812779 /* Debug */,
				EB3C26DE25A009C600812779 /* Release */,
			);
			defaultConfigurationIsVisible = 0;
			defaultConfigurationName = Release;
		};
		EB3C26DF25A009C600812779 /* Build configuration list for PBXNativeTarget "EnvironmentObjectDemo" */ = {
			isa = XCConfigurationList;
			buildConfigurations = (
				EB3C26E025A009C600812779 /* Debug */,
				EB3C26E125A009C600812779 /* Release */,
			);
			defaultConfigurationIsVisible = 0;
			defaultConfigurationName = Release;
		};
/* End XCConfigurationList section */
	};
	rootObject = EB3C26C825A009C400812779 /* Project object */;
}
