// !$*UTF8*$!
{
	archiveVersion = 1;
	classes = {
	};
	objectVersion = 50;
	objects = {

/* Begin PBXBuildFile section */
		B55F3AC1264182FC00AB1ED2 /* CombineIntroDemoApp.swift in Sources */ = {isa = PBXBuildFile; fileRef = B55F3AC0264182FC00AB1ED2 /* CombineIntroDemoApp.swift */; };
		B55F3AC52641830400AB1ED2 /* Assets.xcassets in Resources */ = {isa = PBXBuildFile; fileRef = B55F3AC42641830400AB1ED2 /* Assets.xcassets */; };
		B55F3AC82641830400AB1ED2 /* Preview Assets.xcassets in Resources */ = {isa = PBXBuildFile; fileRef = B55F3AC72641830400AB1ED2 /* Preview Assets.xcassets */; };
		B55F3AD2264184AD00AB1ED2 /* PokemonList.swift in Sources */ = {isa = PBXBuildFile; fileRef = B55F3AD1264184AD00AB1ED2 /* PokemonList.swift */; };
		B55F3AD5264184C800AB1ED2 /* PokemonLoader.swift in Sources */ = {isa = PBXBuildFile; fileRef = B55F3AD4264184C800AB1ED2 /* PokemonLoader.swift */; };
		B55F3AD82641850F00AB1ED2 /* PokemonCell.swift in Sources */ = {isa = PBXBuildFile; fileRef = B55F3AD72641850F00AB1ED2 /* PokemonCell.swift */; };
		B55F3ADB2641854700AB1ED2 /* View+NoSeparator.swift in Sources */ = {isa = PBXBuildFile; fileRef = B55F3ADA2641854700AB1ED2 /* View+NoSeparator.swift */; };
		B55F3ADE2641856E00AB1ED2 /* PokemonData.swift in Sources */ = {isa = PBXBuildFile; fileRef = B55F3ADD2641856E00AB1ED2 /* PokemonData.swift */; };
		B55F3AE12641859500AB1ED2 /* ActivityIndicator.swift in Sources */ = {isa = PBXBuildFile; fileRef = B55F3AE02641859500AB1ED2 /* ActivityIndicator.swift */; };
/* End PBXBuildFile section */

/* Begin PBXFileReference section */
		B55F3ABD264182FC00AB1ED2 /* CombineIntroDemo.app */ = {isa = PBXFileReference; explicitFileType = wrapper.application; includeInIndex = 0; path = CombineIntroDemo.app; sourceTree = BUILT_PRODUCTS_DIR; };
		B55F3AC0264182FC00AB1ED2 /* CombineIntroDemoApp.swift */ = {isa = PBXFileReference; lastKnownFileType = sourcecode.swift; path = CombineIntroDemoApp.swift; sourceTree = "<group>"; };
		B55F3AC42641830400AB1ED2 /* Assets.xcassets */ = {isa = PBXFileReference; lastKnownFileType = folder.assetcatalog; path = Assets.xcassets; sourceTree = "<group>"; };
		B55F3AC72641830400AB1ED2 /* Preview Assets.xcassets */ = {isa = PBXFileReference; lastKnownFileType = folder.assetcatalog; path = "Preview Assets.xcassets"; sourceTree = "<group>"; };
		B55F3AC92641830400AB1ED2 /* Info.plist */ = {isa = PBXFileReference; lastKnownFileType = text.plist.xml; path = Info.plist; sourceTree = "<group>"; };
		B55F3AD1264184AD00AB1ED2 /* PokemonList.swift */ = {isa = PBXFileReference; lastKnownFileType = sourcecode.swift; path = PokemonList.swift; sourceTree = "<group>"; };
		B55F3AD4264184C800AB1ED2 /* PokemonLoader.swift */ = {isa = PBXFileReference; lastKnownFileType = sourcecode.swift; path = PokemonLoader.swift; sourceTree = "<group>"; };
		B55F3AD72641850F00AB1ED2 /* PokemonCell.swift */ = {isa = PBXFileReference; lastKnownFileType = sourcecode.swift; path = PokemonCell.swift; sourceTree = "<group>"; };
		B55F3ADA2641854700AB1ED2 /* View+NoSeparator.swift */ = {isa = PBXFileReference; lastKnownFileType = sourcecode.swift; path = "View+NoSeparator.swift"; sourceTree = "<group>"; };
		B55F3ADD2641856E00AB1ED2 /* PokemonData.swift */ = {isa = PBXFileReference; lastKnownFileType = sourcecode.swift; path = PokemonData.swift; sourceTree = "<group>"; };
		B55F3AE02641859500AB1ED2 /* ActivityIndicator.swift */ = {isa = PBXFileReference; lastKnownFileType = sourcecode.swift; path = ActivityIndicator.swift; sourceTree = "<group>"; };
/* End PBXFileReference section */

/* Begin PBXFrameworksBuildPhase section */
		B55F3ABA264182FC00AB1ED2 /* Frameworks */ = {
			isa = PBXFrameworksBuildPhase;
			buildActionMask = 2147483647;
			files = (
			);
			runOnlyForDeploymentPostprocessing = 0;
		};
/* End PBXFrameworksBuildPhase section */

/* Begin PBXGroup section */
		B55F3AB4264182FC00AB1ED2 = {
			isa = PBXGroup;
			children = (
				B55F3ABF264182FC00AB1ED2 /* CombineIntroDemo */,
				B55F3ABE264182FC00AB1ED2 /* Products */,
			);
			sourceTree = "<group>";
		};
		B55F3ABE264182FC00AB1ED2 /* Products */ = {
			isa = PBXGroup;
			children = (
				B55F3ABD264182FC00AB1ED2 /* CombineIntroDemo.app */,
			);
			name = Products;
			sourceTree = "<group>";
		};
		B55F3ABF264182FC00AB1ED2 /* CombineIntroDemo */ = {
			isa = PBXGroup;
			children = (
				B55F3AE42641862400AB1ED2 /* Model */,
				B55F3AE32641861300AB1ED2 /* Utilities */,
				B55F3AC0264182FC00AB1ED2 /* CombineIntroDemoApp.swift */,
				B55F3AC42641830400AB1ED2 /* Assets.xcassets */,
				B55F3AC92641830400AB1ED2 /* Info.plist */,
				B55F3AC62641830400AB1ED2 /* Preview Content */,
				B55F3AD1264184AD00AB1ED2 /* PokemonList.swift */,
				B55F3AD4264184C800AB1ED2 /* PokemonLoader.swift */,
				B55F3AD72641850F00AB1ED2 /* PokemonCell.swift */,
			);
			path = CombineIntroDemo;
			sourceTree = "<group>";
		};
		B55F3AC62641830400AB1ED2 /* Preview Content */ = {
			isa = PBXGroup;
			children = (
				B55F3AC72641830400AB1ED2 /* Preview Assets.xcassets */,
			);
			path = "Preview Content";
			sourceTree = "<group>";
		};
		B55F3AE32641861300AB1ED2 /* Utilities */ = {
			isa = PBXGroup;
			children = (
				B55F3AE02641859500AB1ED2 /* ActivityIndicator.swift */,
				B55F3ADA2641854700AB1ED2 /* View+NoSeparator.swift */,
			);
			path = Utilities;
			sourceTree = "<group>";
		};
		B55F3AE42641862400AB1ED2 /* Model */ = {
			isa = PBXGroup;
			children = (
				B55F3ADD2641856E00AB1ED2 /* PokemonData.swift */,
			);
			path = Model;
			sourceTree = "<group>";
		};
/* End PBXGroup section */

/* Begin PBXNativeTarget section */
		B55F3ABC264182FC00AB1ED2 /* CombineIntroDemo */ = {
			isa = PBXNativeTarget;
			buildConfigurationList = B55F3ACC2641830400AB1ED2 /* Build configuration list for PBXNativeTarget "CombineIntroDemo" */;
			buildPhases = (
				B55F3AB9264182FC00AB1ED2 /* Sources */,
				B55F3ABA264182FC00AB1ED2 /* Frameworks */,
				B55F3ABB264182FC00AB1ED2 /* Resources */,
			);
			buildRules = (
			);
			dependencies = (
			);
			name = CombineIntroDemo;
			productName = CombineIntroDemo;
			productReference = B55F3ABD264182FC00AB1ED2 /* CombineIntroDemo.app */;
			productType = "com.apple.product-type.application";
		};
/* End PBXNativeTarget section */

/* Begin PBXProject section */
		B55F3AB5264182FC00AB1ED2 /* Project object */ = {
			isa = PBXProject;
			attributes = {
				LastSwiftUpdateCheck = 1240;
				LastUpgradeCheck = 1240;
				TargetAttributes = {
					B55F3ABC264182FC00AB1ED2 = {
						CreatedOnToolsVersion = 12.4;
					};
				};
			};
			buildConfigurationList = B55F3AB8264182FC00AB1ED2 /* Build configuration list for PBXProject "CombineIntroDemo" */;
			compatibilityVersion = "Xcode 9.3";
			developmentRegion = en;
			hasScannedForEncodings = 0;
			knownRegions = (
				en,
				Base,
			);
			mainGroup = B55F3AB4264182FC00AB1ED2;
			productRefGroup = B55F3ABE264182FC00AB1ED2 /* Products */;
			projectDirPath = "";
			projectRoot = "";
			targets = (
				B55F3ABC264182FC00AB1ED2 /* CombineIntroDemo */,
			);
		};
/* End PBXProject section */

/* Begin PBXResourcesBuildPhase section */
		B55F3ABB264182FC00AB1ED2 /* Resources */ = {
			isa = PBXResourcesBuildPhase;
			buildActionMask = 2147483647;
			files = (
				B55F3AC82641830400AB1ED2 /* Preview Assets.xcassets in Resources */,
				B55F3AC52641830400AB1ED2 /* Assets.xcassets in Resources */,
			);
			runOnlyForDeploymentPostprocessing = 0;
		};
/* End PBXResourcesBuildPhase section */

/* Begin PBXSourcesBuildPhase section */
		B55F3AB9264182FC00AB1ED2 /* Sources */ = {
			isa = PBXSourcesBuildPhase;
			buildActionMask = 2147483647;
			files = (
				B55F3AD82641850F00AB1ED2 /* PokemonCell.swift in Sources */,
				B55F3ADE2641856E00AB1ED2 /* PokemonData.swift in Sources */,
				B55F3ADB2641854700AB1ED2 /* View+NoSeparator.swift in Sources */,
				B55F3AE12641859500AB1ED2 /* ActivityIndicator.swift in Sources */,
				B55F3AC1264182FC00AB1ED2 /* CombineIntroDemoApp.swift in Sources */,
				B55F3AD5264184C800AB1ED2 /* PokemonLoader.swift in Sources */,
				B55F3AD2264184AD00AB1ED2 /* PokemonList.swift in Sources */,
			);
			runOnlyForDeploymentPostprocessing = 0;
		};
/* End PBXSourcesBuildPhase section */

/* Begin XCBuildConfiguration section */
		B55F3ACA2641830400AB1ED2 /* Debug */ = {
			isa = XCBuildConfiguration;
			buildSettings = {
				ALWAYS_SEARCH_USER_PATHS = NO;
				CLANG_ANALYZER_NONNULL = YES;
				CLANG_ANALYZER_NUMBER_OBJECT_CONVERSION = YES_AGGRESSIVE;
				CLANG_CXX_LANGUAGE_STANDARD = "gnu++14";
				CLANG_CXX_LIBRARY = "libc++";
				CLANG_ENABLE_MODULES = YES;
				CLANG_ENABLE_OBJC_ARC = YES;
				CLANG_ENABLE_OBJC_WEAK = YES;
				CLANG_WARN_BLOCK_CAPTURE_AUTORELEASING = YES;
				CLANG_WARN_BOOL_CONVERSION = YES;
				CLANG_WARN_COMMA = YES;
				CLANG_WARN_CONSTANT_CONVERSION = YES;
				CLANG_WARN_DEPRECATED_OBJC_IMPLEMENTATIONS = YES;
				CLANG_WARN_DIRECT_OBJC_ISA_USAGE = YES_ERROR;
				CLANG_WARN_DOCUMENTATION_COMMENTS = YES;
				CLANG_WARN_EMPTY_BODY = YES;
				CLANG_WARN_ENUM_CONVERSION = YES;
				CLANG_WARN_INFINITE_RECURSION = YES;
				CLANG_WARN_INT_CONVERSION = YES;
				CLANG_WARN_NON_LITERAL_NULL_CONVERSION = YES;
				CLANG_WARN_OBJC_IMPLICIT_RETAIN_SELF = YES;
				CLANG_WARN_OBJC_LITERAL_CONVERSION = YES;
				CLANG_WARN_OBJC_ROOT_CLASS = YES_ERROR;
				CLANG_WARN_QUOTED_INCLUDE_IN_FRAMEWORK_HEADER = YES;
				CLANG_WARN_RANGE_LOOP_ANALYSIS = YES;
				CLANG_WARN_STRICT_PROTOTYPES = YES;
				CLANG_WARN_SUSPICIOUS_MOVE = YES;
				CLANG_WARN_UNGUARDED_AVAILABILITY = YES_AGGRESSIVE;
				CLANG_WARN_UNREACHABLE_CODE = YES;
				CLANG_WARN__DUPLICATE_METHOD_MATCH = YES;
				COPY_PHASE_STRIP = NO;
				DEBUG_INFORMATION_FORMAT = dwarf;
				ENABLE_STRICT_OBJC_MSGSEND = YES;
				ENABLE_TESTABILITY = YES;
				GCC_C_LANGUAGE_STANDARD = gnu11;
				GCC_DYNAMIC_NO_PIC = NO;
				GCC_NO_COMMON_BLOCKS = YES;
				GCC_OPTIMIZATION_LEVEL = 0;
				GCC_PREPROCESSOR_DEFINITIONS = (
					"DEBUG=1",
					"$(inherited)",
				);
				GCC_WARN_64_TO_32_BIT_CONVERSION = YES;
				GCC_WARN_ABOUT_RETURN_TYPE = YES_ERROR;
				GCC_WARN_UNDECLARED_SELECTOR = YES;
				GCC_WARN_UNINITIALIZED_AUTOS = YES_AGGRESSIVE;
				GCC_WARN_UNUSED_FUNCTION = YES;
				GCC_WARN_UNUSED_VARIABLE = YES;
				IPHONEOS_DEPLOYMENT_TARGET = 14.4;
				MTL_ENABLE_DEBUG_INFO = INCLUDE_SOURCE;
				MTL_FAST_MATH = YES;
				ONLY_ACTIVE_ARCH = YES;
				SDKROOT = iphoneos;
				SWIFT_ACTIVE_COMPILATION_CONDITIONS = DEBUG;
				SWIFT_OPTIMIZATION_LEVEL = "-Onone";
			};
			name = Debug;
		};
		B55F3ACB2641830400AB1ED2 /* Release */ = {
			isa = XCBuildConfiguration;
			buildSettings = {
				ALWAYS_SEARCH_USER_PATHS = NO;
				CLANG_ANALYZER_NONNULL = YES;
				CLANG_ANALYZER_NUMBER_OBJECT_CONVERSION = YES_AGGRESSIVE;
				CLANG_CXX_LANGUAGE_STANDARD = "gnu++14";
				CLANG_CXX_LIBRARY = "libc++";
				CLANG_ENABLE_MODULES = YES;
				CLANG_ENABLE_OBJC_ARC = YES;
				CLANG_ENABLE_OBJC_WEAK = YES;
				CLANG_WARN_BLOCK_CAPTURE_AUTORELEASING = YES;
				CLANG_WARN_BOOL_CONVERSION = YES;
				CLANG_WARN_COMMA = YES;
				CLANG_WARN_CONSTANT_CONVERSION = YES;
				CLANG_WARN_DEPRECATED_OBJC_IMPLEMENTATIONS = YES;
				CLANG_WARN_DIRECT_OBJC_ISA_USAGE = YES_ERROR;
				CLANG_WARN_DOCUMENTATION_COMMENTS = YES;
				CLANG_WARN_EMPTY_BODY = YES;
				CLANG_WARN_ENUM_CONVERSION = YES;
				CLANG_WARN_INFINITE_RECURSION = YES;
				CLANG_WARN_INT_CONVERSION = YES;
				CLANG_WARN_NON_LITERAL_NULL_CONVERSION = YES;
				CLANG_WARN_OBJC_IMPLICIT_RETAIN_SELF = YES;
				CLANG_WARN_OBJC_LITERAL_CONVERSION = YES;
				CLANG_WARN_OBJC_ROOT_CLASS = YES_ERROR;
				CLANG_WARN_QUOTED_INCLUDE_IN_FRAMEWORK_HEADER = YES;
				CLANG_WARN_RANGE_LOOP_ANALYSIS = YES;
				CLANG_WARN_STRICT_PROTOTYPES = YES;
				CLANG_WARN_SUSPICIOUS_MOVE = YES;
				CLANG_WARN_UNGUARDED_AVAILABILITY = YES_AGGRESSIVE;
				CLANG_WARN_UNREACHABLE_CODE = YES;
				CLANG_WARN__DUPLICATE_METHOD_MATCH = YES;
				COPY_PHASE_STRIP = NO;
				DEBUG_INFORMATION_FORMAT = "dwarf-with-dsym";
				ENABLE_NS_ASSERTIONS = NO;
				ENABLE_STRICT_OBJC_MSGSEND = YES;
				GCC_C_LANGUAGE_STANDARD = gnu11;
				GCC_NO_COMMON_BLOCKS = YES;
				GCC_WARN_64_TO_32_BIT_CONVERSION = YES;
				GCC_WARN_ABOUT_RETURN_TYPE = YES_ERROR;
				GCC_WARN_UNDECLARED_SELECTOR = YES;
				GCC_WARN_UNINITIALIZED_AUTOS = YES_AGGRESSIVE;
				GCC_WARN_UNUSED_FUNCTION = YES;
				GCC_WARN_UNUSED_VARIABLE = YES;
				IPHONEOS_DEPLOYMENT_TARGET = 14.4;
				MTL_ENABLE_DEBUG_INFO = NO;
				MTL_FAST_MATH = YES;
				SDKROOT = iphoneos;
				SWIFT_COMPILATION_MODE = wholemodule;
				SWIFT_OPTIMIZATION_LEVEL = "-O";
				VALIDATE_PRODUCT = YES;
			};
			name = Release;
		};
		B55F3ACD2641830400AB1ED2 /* Debug */ = {
			isa = XCBuildConfiguration;
			buildSettings = {
				ASSETCATALOG_COMPILER_APPICON_NAME = AppIcon;
				ASSETCATALOG_COMPILER_GLOBAL_ACCENT_COLOR_NAME = AccentColor;
				CODE_SIGN_STYLE = Automatic;
				DEVELOPMENT_ASSET_PATHS = "\"CombineIntroDemo/Preview Content\"";
				ENABLE_PREVIEWS = YES;
				INFOPLIST_FILE = CombineIntroDemo/Info.plist;
				IPHONEOS_DEPLOYMENT_TARGET = 14.0;
				LD_RUNPATH_SEARCH_PATHS = (
					"$(inherited)",
					"@executable_path/Frameworks",
				);
				PRODUCT_BUNDLE_IDENTIFIER = com.swiftandtips.CombineIntroDemo;
				PRODUCT_NAME = "$(TARGET_NAME)";
				SWIFT_VERSION = 5.0;
				TARGETED_DEVICE_FAMILY = "1,2";
			};
			name = Debug;
		};
		B55F3ACE2641830400AB1ED2 /* Release */ = {
			isa = XCBuildConfiguration;
			buildSettings = {
				ASSETCATALOG_COMPILER_APPICON_NAME = AppIcon;
				ASSETCATALOG_COMPILER_GLOBAL_ACCENT_COLOR_NAME = AccentColor;
				CODE_SIGN_STYLE = Automatic;
				DEVELOPMENT_ASSET_PATHS = "\"CombineIntroDemo/Preview Content\"";
				ENABLE_PREVIEWS = YES;
				INFOPLIST_FILE = CombineIntroDemo/Info.plist;
				IPHONEOS_DEPLOYMENT_TARGET = 14.0;
				LD_RUNPATH_SEARCH_PATHS = (
					"$(inherited)",
					"@executable_path/Frameworks",
				);
				PRODUCT_BUNDLE_IDENTIFIER = com.swiftandtips.CombineIntroDemo;
				PRODUCT_NAME = "$(TARGET_NAME)";
				SWIFT_VERSION = 5.0;
				TARGETED_DEVICE_FAMILY = "1,2";
			};
			name = Release;
		};
/* End XCBuildConfiguration section */

/* Begin XCConfigurationList section */
		B55F3AB8264182FC00AB1ED2 /* Build configuration list for PBXProject "CombineIntroDemo" */ = {
			isa = XCConfigurationList;
			buildConfigurations = (
				B55F3ACA2641830400AB1ED2 /* Debug */,
				B55F3ACB2641830400AB1ED2 /* Release */,
			);
			defaultConfigurationIsVisible = 0;
			defaultConfigurationName = Release;
		};
		B55F3ACC2641830400AB1ED2 /* Build configuration list for PBXNativeTarget "CombineIntroDemo" */ = {
			isa = XCConfigurationList;
			buildConfigurations = (
				B55F3ACD2641830400AB1ED2 /* Debug */,
				B55F3ACE2641830400AB1ED2 /* Release */,
			);
			defaultConfigurationIsVisible = 0;
			defaultConfigurationName = Release;
		};
/* End XCConfigurationList section */
	};
	rootObject = B55F3AB5264182FC00AB1ED2 /* Project object */;
}
