// !$*UTF8*$!
{
	archiveVersion = 1;
	classes = {
	};
	objectVersion = 55;
	objects = {

/* Begin PBXBuildFile section */
		B5D9F8B6274A940C006F641D /* ModifiersDemoApp.swift in Sources */ = {isa = PBXBuildFile; fileRef = B5D9F8B5274A940C006F641D /* ModifiersDemoApp.swift */; };
		B5D9F8B8274A940C006F641D /* ContentView.swift in Sources */ = {isa = PBXBuildFile; fileRef = B5D9F8B7274A940C006F641D /* ContentView.swift */; };
		B5D9F8BA274A940C006F641D /* Assets.xcassets in Resources */ = {isa = PBXBuildFile; fileRef = B5D9F8B9274A940C006F641D /* Assets.xcassets */; };
		B5D9F8BD274A940C006F641D /* Preview Assets.xcassets in Resources */ = {isa = PBXBuildFile; fileRef = B5D9F8BC274A940C006F641D /* Preview Assets.xcassets */; };
		B5D9F8C4274AA451006F641D /* ChipView.swift in Sources */ = {isa = PBXBuildFile; fileRef = B5D9F8C3274AA451006F641D /* ChipView.swift */; };
		B5D9F8C6274BDBD0006F641D /* BlueTitle.swift in Sources */ = {isa = PBXBuildFile; fileRef = B5D9F8C5274BDBD0006F641D /* BlueTitle.swift */; };
		B5D9F8C8274BEA03006F641D /* ExpirationModifier.swift in Sources */ = {isa = PBXBuildFile; fileRef = B5D9F8C7274BEA03006F641D /* ExpirationModifier.swift */; };
		B5D9F8CA274BF471006F641D /* ItemList.swift in Sources */ = {isa = PBXBuildFile; fileRef = B5D9F8C9274BF471006F641D /* ItemList.swift */; };
/* End PBXBuildFile section */

/* Begin PBXFileReference section */
		B5D9F8B2274A940C006F641D /* ModifiersDemo.app */ = {isa = PBXFileReference; explicitFileType = wrapper.application; includeInIndex = 0; path = ModifiersDemo.app; sourceTree = BUILT_PRODUCTS_DIR; };
		B5D9F8B5274A940C006F641D /* ModifiersDemoApp.swift */ = {isa = PBXFileReference; lastKnownFileType = sourcecode.swift; path = ModifiersDemoApp.swift; sourceTree = "<group>"; };
		B5D9F8B7274A940C006F641D /* ContentView.swift */ = {isa = PBXFileReference; lastKnownFileType = sourcecode.swift; path = ContentView.swift; sourceTree = "<group>"; };
		B5D9F8B9274A940C006F641D /* Assets.xcassets */ = {isa = PBXFileReference; lastKnownFileType = folder.assetcatalog; path = Assets.xcassets; sourceTree = "<group>"; };
		B5D9F8BC274A940C006F641D /* Preview Assets.xcassets */ = {isa = PBXFileReference; lastKnownFileType = folder.assetcatalog; path = "Preview Assets.xcassets"; sourceTree = "<group>"; };
		B5D9F8C3274AA451006F641D /* ChipView.swift */ = {isa = PBXFileReference; lastKnownFileType = sourcecode.swift; path = ChipView.swift; sourceTree = "<group>"; };
		B5D9F8C5274BDBD0006F641D /* BlueTitle.swift */ = {isa = PBXFileReference; lastKnownFileType = sourcecode.swift; path = BlueTitle.swift; sourceTree = "<group>"; };
		B5D9F8C7274BEA03006F641D /* ExpirationModifier.swift */ = {isa = PBXFileReference; lastKnownFileType = sourcecode.swift; path = ExpirationModifier.swift; sourceTree = "<group>"; };
		B5D9F8C9274BF471006F641D /* ItemList.swift */ = {isa = PBXFileReference; lastKnownFileType = sourcecode.swift; path = ItemList.swift; sourceTree = "<group>"; };
/* End PBXFileReference section */

/* Begin PBXFrameworksBuildPhase section */
		B5D9F8AF274A940C006F641D /* Frameworks */ = {
			isa = PBXFrameworksBuildPhase;
			buildActionMask = 2147483647;
			files = (
			);
			runOnlyForDeploymentPostprocessing = 0;
		};
/* End PBXFrameworksBuildPhase section */

/* Begin PBXGroup section */
		B5D9F8A9274A940C006F641D = {
			isa = PBXGroup;
			children = (
				B5D9F8B4274A940C006F641D /* ModifiersDemo */,
				B5D9F8B3274A940C006F641D /* Products */,
			);
			sourceTree = "<group>";
		};
		B5D9F8B3274A940C006F641D /* Products */ = {
			isa = PBXGroup;
			children = (
				B5D9F8B2274A940C006F641D /* ModifiersDemo.app */,
			);
			name = Products;
			sourceTree = "<group>";
		};
		B5D9F8B4274A940C006F641D /* ModifiersDemo */ = {
			isa = PBXGroup;
			children = (
				B5D9F8B5274A940C006F641D /* ModifiersDemoApp.swift */,
				B5D9F8B7274A940C006F641D /* ContentView.swift */,
				B5D9F8B9274A940C006F641D /* Assets.xcassets */,
				B5D9F8BB274A940C006F641D /* Preview Content */,
				B5D9F8C3274AA451006F641D /* ChipView.swift */,
				B5D9F8C5274BDBD0006F641D /* BlueTitle.swift */,
				B5D9F8C7274BEA03006F641D /* ExpirationModifier.swift */,
				B5D9F8C9274BF471006F641D /* ItemList.swift */,
			);
			path = ModifiersDemo;
			sourceTree = "<group>";
		};
		B5D9F8BB274A940C006F641D /* Preview Content */ = {
			isa = PBXGroup;
			children = (
				B5D9F8BC274A940C006F641D /* Preview Assets.xcassets */,
			);
			path = "Preview Content";
			sourceTree = "<group>";
		};
/* End PBXGroup section */

/* Begin PBXNativeTarget section */
		B5D9F8B1274A940C006F641D /* ModifiersDemo */ = {
			isa = PBXNativeTarget;
			buildConfigurationList = B5D9F8C0274A940C006F641D /* Build configuration list for PBXNativeTarget "ModifiersDemo" */;
			buildPhases = (
				B5D9F8AE274A940C006F641D /* Sources */,
				B5D9F8AF274A940C006F641D /* Frameworks */,
				B5D9F8B0274A940C006F641D /* Resources */,
			);
			buildRules = (
			);
			dependencies = (
			);
			name = ModifiersDemo;
			productName = ModifiersDemo;
			productReference = B5D9F8B2274A940C006F641D /* ModifiersDemo.app */;
			productType = "com.apple.product-type.application";
		};
/* End PBXNativeTarget section */

/* Begin PBXProject section */
		B5D9F8AA274A940C006F641D /* Project object */ = {
			isa = PBXProject;
			attributes = {
				BuildIndependentTargetsInParallel = 1;
				LastSwiftUpdateCheck = 1310;
				LastUpgradeCheck = 1310;
				TargetAttributes = {
					B5D9F8B1274A940C006F641D = {
						CreatedOnToolsVersion = 13.1;
					};
				};
			};
			buildConfigurationList = B5D9F8AD274A940C006F641D /* Build configuration list for PBXProject "ModifiersDemo" */;
			compatibilityVersion = "Xcode 13.0";
			developmentRegion = en;
			hasScannedForEncodings = 0;
			knownRegions = (
				en,
				Base,
			);
			mainGroup = B5D9F8A9274A940C006F641D;
			productRefGroup = B5D9F8B3274A940C006F641D /* Products */;
			projectDirPath = "";
			projectRoot = "";
			targets = (
				B5D9F8B1274A940C006F641D /* ModifiersDemo */,
			);
		};
/* End PBXProject section */

/* Begin PBXResourcesBuildPhase section */
		B5D9F8B0274A940C006F641D /* Resources */ = {
			isa = PBXResourcesBuildPhase;
			buildActionMask = 2147483647;
			files = (
				B5D9F8BD274A940C006F641D /* Preview Assets.xcassets in Resources */,
				B5D9F8BA274A940C006F641D /* Assets.xcassets in Resources */,
			);
			runOnlyForDeploymentPostprocessing = 0;
		};
/* End PBXResourcesBuildPhase section */

/* Begin PBXSourcesBuildPhase section */
		B5D9F8AE274A940C006F641D /* Sources */ = {
			isa = PBXSourcesBuildPhase;
			buildActionMask = 2147483647;
			files = (
				B5D9F8C8274BEA03006F641D /* ExpirationModifier.swift in Sources */,
				B5D9F8B8274A940C006F641D /* ContentView.swift in Sources */,
				B5D9F8C6274BDBD0006F641D /* BlueTitle.swift in Sources */,
				B5D9F8B6274A940C006F641D /* ModifiersDemoApp.swift in Sources */,
				B5D9F8CA274BF471006F641D /* ItemList.swift in Sources */,
				B5D9F8C4274AA451006F641D /* ChipView.swift in Sources */,
			);
			runOnlyForDeploymentPostprocessing = 0;
		};
/* End PBXSourcesBuildPhase section */

/* Begin XCBuildConfiguration section */
		B5D9F8BE274A940C006F641D /* Debug */ = {
			isa = XCBuildConfiguration;
			buildSettings = {
				ALWAYS_SEARCH_USER_PATHS = NO;
				CLANG_ANALYZER_NONNULL = YES;
				CLANG_ANALYZER_NUMBER_OBJECT_CONVERSION = YES_AGGRESSIVE;
				CLANG_CXX_LANGUAGE_STANDARD = "gnu++17";
				CLANG_CXX_LIBRARY = "libc++";
				CLANG_ENABLE_MODULES = YES;
				CLANG_ENABLE_OBJC_ARC = YES;
				CLANG_ENABLE_OBJC_WEAK = YES;
				CLANG_WARN_BLOCK_CAPTURE_AUTORELEASING = YES;
				CLANG_WARN_BOOL_CONVERSION = YES;
				CLANG_WARN_COMMA = YES;
				CLANG_WARN_CONSTANT_CONVERSION = YES;
				CLANG_WARN_DEPRECATED_OBJC_IMPLEMENTATIONS = YES;
				CLANG_WARN_DIRECT_OBJC_ISA_USAGE = YES_ERROR;
				CLANG_WARN_DOCUMENTATION_COMMENTS = YES;
				CLANG_WARN_EMPTY_BODY = YES;
				CLANG_WARN_ENUM_CONVERSION = YES;
				CLANG_WARN_INFINITE_RECURSION = YES;
				CLANG_WARN_INT_CONVERSION = YES;
				CLANG_WARN_NON_LITERAL_NULL_CONVERSION = YES;
				CLANG_WARN_OBJC_IMPLICIT_RETAIN_SELF = YES;
				CLANG_WARN_OBJC_LITERAL_CONVERSION = YES;
				CLANG_WARN_OBJC_ROOT_CLASS = YES_ERROR;
				CLANG_WARN_QUOTED_INCLUDE_IN_FRAMEWORK_HEADER = YES;
				CLANG_WARN_RANGE_LOOP_ANALYSIS = YES;
				CLANG_WARN_STRICT_PROTOTYPES = YES;
				CLANG_WARN_SUSPICIOUS_MOVE = YES;
				CLANG_WARN_UNGUARDED_AVAILABILITY = YES_AGGRESSIVE;
				CLANG_WARN_UNREACHABLE_CODE = YES;
				CLANG_WARN__DUPLICATE_METHOD_MATCH = YES;
				COPY_PHASE_STRIP = NO;
				DEBUG_INFORMATION_FORMAT = dwarf;
				ENABLE_STRICT_OBJC_MSGSEND = YES;
				ENABLE_TESTABILITY = YES;
				GCC_C_LANGUAGE_STANDARD = gnu11;
				GCC_DYNAMIC_NO_PIC = NO;
				GCC_NO_COMMON_BLOCKS = YES;
				GCC_OPTIMIZATION_LEVEL = 0;
				GCC_PREPROCESSOR_DEFINITIONS = (
					"DEBUG=1",
					"$(inherited)",
				);
				GCC_WARN_64_TO_32_BIT_CONVERSION = YES;
				GCC_WARN_ABOUT_RETURN_TYPE = YES_ERROR;
				GCC_WARN_UNDECLARED_SELECTOR = YES;
				GCC_WARN_UNINITIALIZED_AUTOS = YES_AGGRESSIVE;
				GCC_WARN_UNUSED_FUNCTION = YES;
				GCC_WARN_UNUSED_VARIABLE = YES;
				IPHONEOS_DEPLOYMENT_TARGET = 15.0;
				MTL_ENABLE_DEBUG_INFO = INCLUDE_SOURCE;
				MTL_FAST_MATH = YES;
				ONLY_ACTIVE_ARCH = YES;
				SDKROOT = iphoneos;
				SWIFT_ACTIVE_COMPILATION_CONDITIONS = DEBUG;
				SWIFT_OPTIMIZATION_LEVEL = "-Onone";
			};
			name = Debug;
		};
		B5D9F8BF274A940C006F641D /* Release */ = {
			isa = XCBuildConfiguration;
			buildSettings = {
				ALWAYS_SEARCH_USER_PATHS = NO;
				CLANG_ANALYZER_NONNULL = YES;
				CLANG_ANALYZER_NUMBER_OBJECT_CONVERSION = YES_AGGRESSIVE;
				CLANG_CXX_LANGUAGE_STANDARD = "gnu++17";
				CLANG_CXX_LIBRARY = "libc++";
				CLANG_ENABLE_MODULES = YES;
				CLANG_ENABLE_OBJC_ARC = YES;
				CLANG_ENABLE_OBJC_WEAK = YES;
				CLANG_WARN_BLOCK_CAPTURE_AUTORELEASING = YES;
				CLANG_WARN_BOOL_CONVERSION = YES;
				CLANG_WARN_COMMA = YES;
				CLANG_WARN_CONSTANT_CONVERSION = YES;
				CLANG_WARN_DEPRECATED_OBJC_IMPLEMENTATIONS = YES;
				CLANG_WARN_DIRECT_OBJC_ISA_USAGE = YES_ERROR;
				CLANG_WARN_DOCUMENTATION_COMMENTS = YES;
				CLANG_WARN_EMPTY_BODY = YES;
				CLANG_WARN_ENUM_CONVERSION = YES;
				CLANG_WARN_INFINITE_RECURSION = YES;
				CLANG_WARN_INT_CONVERSION = YES;
				CLANG_WARN_NON_LITERAL_NULL_CONVERSION = YES;
				CLANG_WARN_OBJC_IMPLICIT_RETAIN_SELF = YES;
				CLANG_WARN_OBJC_LITERAL_CONVERSION = YES;
				CLANG_WARN_OBJC_ROOT_CLASS = YES_ERROR;
				CLANG_WARN_QUOTED_INCLUDE_IN_FRAMEWORK_HEADER = YES;
				CLANG_WARN_RANGE_LOOP_ANALYSIS = YES;
				CLANG_WARN_STRICT_PROTOTYPES = YES;
				CLANG_WARN_SUSPICIOUS_MOVE = YES;
				CLANG_WARN_UNGUARDED_AVAILABILITY = YES_AGGRESSIVE;
				CLANG_WARN_UNREACHABLE_CODE = YES;
				CLANG_WARN__DUPLICATE_METHOD_MATCH = YES;
				COPY_PHASE_STRIP = NO;
				DEBUG_INFORMATION_FORMAT = "dwarf-with-dsym";
				ENABLE_NS_ASSERTIONS = NO;
				ENABLE_STRICT_OBJC_MSGSEND = YES;
				GCC_C_LANGUAGE_STANDARD = gnu11;
				GCC_NO_COMMON_BLOCKS = YES;
				GCC_WARN_64_TO_32_BIT_CONVERSION = YES;
				GCC_WARN_ABOUT_RETURN_TYPE = YES_ERROR;
				GCC_WARN_UNDECLARED_SELECTOR = YES;
				GCC_WARN_UNINITIALIZED_AUTOS = YES_AGGRESSIVE;
				GCC_WARN_UNUSED_FUNCTION = YES;
				GCC_WARN_UNUSED_VARIABLE = YES;
				IPHONEOS_DEPLOYMENT_TARGET = 15.0;
				MTL_ENABLE_DEBUG_INFO = NO;
				MTL_FAST_MATH = YES;
				SDKROOT = iphoneos;
				SWIFT_COMPILATION_MODE = wholemodule;
				SWIFT_OPTIMIZATION_LEVEL = "-O";
				VALIDATE_PRODUCT = YES;
			};
			name = Release;
		};
		B5D9F8C1274A940C006F641D /* Debug */ = {
			isa = XCBuildConfiguration;
			buildSettings = {
				ASSETCATALOG_COMPILER_APPICON_NAME = AppIcon;
				ASSETCATALOG_COMPILER_GLOBAL_ACCENT_COLOR_NAME = AccentColor;
				CODE_SIGN_STYLE = Automatic;
				CURRENT_PROJECT_VERSION = 1;
				DEVELOPMENT_ASSET_PATHS = "\"ModifiersDemo/Preview Content\"";
				DEVELOPMENT_TEAM = "";
				ENABLE_PREVIEWS = YES;
				GENERATE_INFOPLIST_FILE = YES;
				INFOPLIST_KEY_UIApplicationSceneManifest_Generation = YES;
				INFOPLIST_KEY_UIApplicationSupportsIndirectInputEvents = YES;
				INFOPLIST_KEY_UILaunchScreen_Generation = YES;
				INFOPLIST_KEY_UISupportedInterfaceOrientations_iPad = "UIInterfaceOrientationPortrait UIInterfaceOrientationPortraitUpsideDown UIInterfaceOrientationLandscapeLeft UIInterfaceOrientationLandscapeRight";
				INFOPLIST_KEY_UISupportedInterfaceOrientations_iPhone = "UIInterfaceOrientationPortrait UIInterfaceOrientationLandscapeLeft UIInterfaceOrientationLandscapeRight";
				LD_RUNPATH_SEARCH_PATHS = (
					"$(inherited)",
					"@executable_path/Frameworks",
				);
				MARKETING_VERSION = 1.0;
				PRODUCT_BUNDLE_IDENTIFIER = com.swiftandtips.ModifiersDemo;
				PRODUCT_NAME = "$(TARGET_NAME)";
				SWIFT_EMIT_LOC_STRINGS = YES;
				SWIFT_VERSION = 5.0;
				TARGETED_DEVICE_FAMILY = "1,2";
			};
			name = Debug;
		};
		B5D9F8C2274A940C006F641D /* Release */ = {
			isa = XCBuildConfiguration;
			buildSettings = {
				ASSETCATALOG_COMPILER_APPICON_NAME = AppIcon;
				ASSETCATALOG_COMPILER_GLOBAL_ACCENT_COLOR_NAME = AccentColor;
				CODE_SIGN_STYLE = Automatic;
				CURRENT_PROJECT_VERSION = 1;
				DEVELOPMENT_ASSET_PATHS = "\"ModifiersDemo/Preview Content\"";
				DEVELOPMENT_TEAM = "";
				ENABLE_PREVIEWS = YES;
				GENERATE_INFOPLIST_FILE = YES;
				INFOPLIST_KEY_UIApplicationSceneManifest_Generation = YES;
				INFOPLIST_KEY_UIApplicationSupportsIndirectInputEvents = YES;
				INFOPLIST_KEY_UILaunchScreen_Generation = YES;
				INFOPLIST_KEY_UISupportedInterfaceOrientations_iPad = "UIInterfaceOrientationPortrait UIInterfaceOrientationPortraitUpsideDown UIInterfaceOrientationLandscapeLeft UIInterfaceOrientationLandscapeRight";
				INFOPLIST_KEY_UISupportedInterfaceOrientations_iPhone = "UIInterfaceOrientationPortrait UIInterfaceOrientationLandscapeLeft UIInterfaceOrientationLandscapeRight";
				LD_RUNPATH_SEARCH_PATHS = (
					"$(inherited)",
					"@executable_path/Frameworks",
				);
				MARKETING_VERSION = 1.0;
				PRODUCT_BUNDLE_IDENTIFIER = com.swiftandtips.ModifiersDemo;
				PRODUCT_NAME = "$(TARGET_NAME)";
				SWIFT_EMIT_LOC_STRINGS = YES;
				SWIFT_VERSION = 5.0;
				TARGETED_DEVICE_FAMILY = "1,2";
			};
			name = Release;
		};
/* End XCBuildConfiguration section */

/* Begin XCConfigurationList section */
		B5D9F8AD274A940C006F641D /* Build configuration list for PBXProject "ModifiersDemo" */ = {
			isa = XCConfigurationList;
			buildConfigurations = (
				B5D9F8BE274A940C006F641D /* Debug */,
				B5D9F8BF274A940C006F641D /* Release */,
			);
			defaultConfigurationIsVisible = 0;
			defaultConfigurationName = Release;
		};
		B5D9F8C0274A940C006F641D /* Build configuration list for PBXNativeTarget "ModifiersDemo" */ = {
			isa = XCConfigurationList;
			buildConfigurations = (
				B5D9F8C1274A940C006F641D /* Debug */,
				B5D9F8C2274A940C006F641D /* Release */,
			);
			defaultConfigurationIsVisible = 0;
			defaultConfigurationName = Release;
		};
/* End XCConfigurationList section */
	};
	rootObject = B5D9F8AA274A940C006F641D /* Project object */;
}
