// !$*UTF8*$!
{
	archiveVersion = 1;
	classes = {
	};
	objectVersion = 50;
	objects = {

/* Begin PBXBuildFile section */
		EB263DCA2593E0F6001E47EB /* StateManagement_ObservableObjectsApp.swift in Sources */ = {isa = PBXBuildFile; fileRef = EB263DC92593E0F6001E47EB /* StateManagement_ObservableObjectsApp.swift */; };
		EB263DCC2593E0F6001E47EB /* DemoLoginView.swift in Sources */ = {isa = PBXBuildFile; fileRef = EB263DCB2593E0F6001E47EB /* DemoLoginView.swift */; };
		EB263DCE2593E0F9001E47EB /* Assets.xcassets in Resources */ = {isa = PBXBuildFile; fileRef = EB263DCD2593E0F9001E47EB /* Assets.xcassets */; };
		EB263DD12593E0F9001E47EB /* Preview Assets.xcassets in Resources */ = {isa = PBXBuildFile; fileRef = EB263DD02593E0F9001E47EB /* Preview Assets.xcassets */; };
		EB263DDA2593E13A001E47EB /* MainAppDemo.swift in Sources */ = {isa = PBXBuildFile; fileRef = EB263DD92593E13A001E47EB /* MainAppDemo.swift */; };
		EB263DE02593E172001E47EB /* EmailField.swift in Sources */ = {isa = PBXBuildFile; fileRef = EB263DDF2593E172001E47EB /* EmailField.swift */; };
		EB263DE42593E18B001E47EB /* PasswordField.swift in Sources */ = {isa = PBXBuildFile; fileRef = EB263DE32593E18B001E47EB /* PasswordField.swift */; };
		EB263DEB25941566001E47EB /* AmiiboList.swift in Sources */ = {isa = PBXBuildFile; fileRef = EB263DEA25941566001E47EB /* AmiiboList.swift */; };
		EB263DF02594158A001E47EB /* AmiiboCell.swift in Sources */ = {isa = PBXBuildFile; fileRef = EB263DEF2594158A001E47EB /* AmiiboCell.swift */; };
		EB263DF5259415C2001E47EB /* Amiibo.swift in Sources */ = {isa = PBXBuildFile; fileRef = EB263DF4259415C2001E47EB /* Amiibo.swift */; };
		EB263DFA259415EC001E47EB /* ZeldaDetail.swift in Sources */ = {isa = PBXBuildFile; fileRef = EB263DF9259415EC001E47EB /* ZeldaDetail.swift */; };
		EB263DFE25941606001E47EB /* MarioDetail.swift in Sources */ = {isa = PBXBuildFile; fileRef = EB263DFD25941606001E47EB /* MarioDetail.swift */; };
		EB263E012594161B001E47EB /* AmiiboDetail.swift in Sources */ = {isa = PBXBuildFile; fileRef = EB263E002594161B001E47EB /* AmiiboDetail.swift */; };
		EB263E1025941958001E47EB /* MainAmiiboView.swift in Sources */ = {isa = PBXBuildFile; fileRef = EB263E0F25941958001E47EB /* MainAmiiboView.swift */; };
		EB263E1325941B01001E47EB /* Settings.swift in Sources */ = {isa = PBXBuildFile; fileRef = EB263E1225941B01001E47EB /* Settings.swift */; };
		EB263E1625941B1E001E47EB /* User.swift in Sources */ = {isa = PBXBuildFile; fileRef = EB263E1525941B1E001E47EB /* User.swift */; };
/* End PBXBuildFile section */

/* Begin PBXFileReference section */
		EB263DC62593E0F6001E47EB /* StateManagement-ObservableObjects.app */ = {isa = PBXFileReference; explicitFileType = wrapper.application; includeInIndex = 0; path = "StateManagement-ObservableObjects.app"; sourceTree = BUILT_PRODUCTS_DIR; };
		EB263DC92593E0F6001E47EB /* StateManagement_ObservableObjectsApp.swift */ = {isa = PBXFileReference; lastKnownFileType = sourcecode.swift; path = StateManagement_ObservableObjectsApp.swift; sourceTree = "<group>"; };
		EB263DCB2593E0F6001E47EB /* DemoLoginView.swift */ = {isa = PBXFileReference; lastKnownFileType = sourcecode.swift; path = DemoLoginView.swift; sourceTree = "<group>"; };
		EB263DCD2593E0F9001E47EB /* Assets.xcassets */ = {isa = PBXFileReference; lastKnownFileType = folder.assetcatalog; path = Assets.xcassets; sourceTree = "<group>"; };
		EB263DD02593E0F9001E47EB /* Preview Assets.xcassets */ = {isa = PBXFileReference; lastKnownFileType = folder.assetcatalog; path = "Preview Assets.xcassets"; sourceTree = "<group>"; };
		EB263DD22593E0F9001E47EB /* Info.plist */ = {isa = PBXFileReference; lastKnownFileType = text.plist.xml; path = Info.plist; sourceTree = "<group>"; };
		EB263DD92593E13A001E47EB /* MainAppDemo.swift */ = {isa = PBXFileReference; lastKnownFileType = sourcecode.swift; path = MainAppDemo.swift; sourceTree = "<group>"; };
		EB263DDF2593E172001E47EB /* EmailField.swift */ = {isa = PBXFileReference; lastKnownFileType = sourcecode.swift; path = EmailField.swift; sourceTree = "<group>"; };
		EB263DE32593E18B001E47EB /* PasswordField.swift */ = {isa = PBXFileReference; lastKnownFileType = sourcecode.swift; path = PasswordField.swift; sourceTree = "<group>"; };
		EB263DEA25941566001E47EB /* AmiiboList.swift */ = {isa = PBXFileReference; lastKnownFileType = sourcecode.swift; path = AmiiboList.swift; sourceTree = "<group>"; };
		EB263DEF2594158A001E47EB /* AmiiboCell.swift */ = {isa = PBXFileReference; lastKnownFileType = sourcecode.swift; path = AmiiboCell.swift; sourceTree = "<group>"; };
		EB263DF4259415C2001E47EB /* Amiibo.swift */ = {isa = PBXFileReference; lastKnownFileType = sourcecode.swift; path = Amiibo.swift; sourceTree = "<group>"; };
		EB263DF9259415EC001E47EB /* ZeldaDetail.swift */ = {isa = PBXFileReference; lastKnownFileType = sourcecode.swift; path = ZeldaDetail.swift; sourceTree = "<group>"; };
		EB263DFD25941606001E47EB /* MarioDetail.swift */ = {isa = PBXFileReference; lastKnownFileType = sourcecode.swift; path = MarioDetail.swift; sourceTree = "<group>"; };
		EB263E002594161B001E47EB /* AmiiboDetail.swift */ = {isa = PBXFileReference; lastKnownFileType = sourcecode.swift; path = AmiiboDetail.swift; sourceTree = "<group>"; };
		EB263E0F25941958001E47EB /* MainAmiiboView.swift */ = {isa = PBXFileReference; lastKnownFileType = sourcecode.swift; path = MainAmiiboView.swift; sourceTree = "<group>"; };
		EB263E1225941B01001E47EB /* Settings.swift */ = {isa = PBXFileReference; lastKnownFileType = sourcecode.swift; path = Settings.swift; sourceTree = "<group>"; };
		EB263E1525941B1E001E47EB /* User.swift */ = {isa = PBXFileReference; lastKnownFileType = sourcecode.swift; path = User.swift; sourceTree = "<group>"; };
/* End PBXFileReference section */

/* Begin PBXFrameworksBuildPhase section */
		EB263DC32593E0F6001E47EB /* Frameworks */ = {
			isa = PBXFrameworksBuildPhase;
			buildActionMask = 2147483647;
			files = (
			);
			runOnlyForDeploymentPostprocessing = 0;
		};
/* End PBXFrameworksBuildPhase section */

/* Begin PBXGroup section */
		EB263DBD2593E0F6001E47EB = {
			isa = PBXGroup;
			children = (
				EB263DC82593E0F6001E47EB /* StateManagement-ObservableObjects */,
				EB263DC72593E0F6001E47EB /* Products */,
			);
			sourceTree = "<group>";
		};
		EB263DC72593E0F6001E47EB /* Products */ = {
			isa = PBXGroup;
			children = (
				EB263DC62593E0F6001E47EB /* StateManagement-ObservableObjects.app */,
			);
			name = Products;
			sourceTree = "<group>";
		};
		EB263DC82593E0F6001E47EB /* StateManagement-ObservableObjects */ = {
			isa = PBXGroup;
			children = (
				EB263DE92594155A001E47EB /* Amiibos */,
				EB263DDE2593E161001E47EB /* Password */,
				EB263DDD2593E15C001E47EB /* Email */,
				EB263DC92593E0F6001E47EB /* StateManagement_ObservableObjectsApp.swift */,
				EB263DCB2593E0F6001E47EB /* DemoLoginView.swift */,
				EB263DCD2593E0F9001E47EB /* Assets.xcassets */,
				EB263DD22593E0F9001E47EB /* Info.plist */,
				EB263DCF2593E0F9001E47EB /* Preview Content */,
				EB263DD92593E13A001E47EB /* MainAppDemo.swift */,
			);
			path = "StateManagement-ObservableObjects";
			sourceTree = "<group>";
		};
		EB263DCF2593E0F9001E47EB /* Preview Content */ = {
			isa = PBXGroup;
			children = (
				EB263DD02593E0F9001E47EB /* Preview Assets.xcassets */,
			);
			path = "Preview Content";
			sourceTree = "<group>";
		};
		EB263DDD2593E15C001E47EB /* Email */ = {
			isa = PBXGroup;
			children = (
				EB263DDF2593E172001E47EB /* EmailField.swift */,
			);
			path = Email;
			sourceTree = "<group>";
		};
		EB263DDE2593E161001E47EB /* Password */ = {
			isa = PBXGroup;
			children = (
				EB263DE32593E18B001E47EB /* PasswordField.swift */,
			);
			path = Password;
			sourceTree = "<group>";
		};
		EB263DE92594155A001E47EB /* Amiibos */ = {
			isa = PBXGroup;
			children = (
				EB263DF8259415D6001E47EB /* Destination */,
				EB263DF32594159D001E47EB /* Model */,
				EB263DEE25941578001E47EB /* Cell */,
				EB263DEA25941566001E47EB /* AmiiboList.swift */,
				EB263E0F25941958001E47EB /* MainAmiiboView.swift */,
				EB263E1225941B01001E47EB /* Settings.swift */,
			);
			path = Amiibos;
			sourceTree = "<group>";
		};
		EB263DEE25941578001E47EB /* Cell */ = {
			isa = PBXGroup;
			children = (
				EB263DEF2594158A001E47EB /* AmiiboCell.swift */,
			);
			path = Cell;
			sourceTree = "<group>";
		};
		EB263DF32594159D001E47EB /* Model */ = {
			isa = PBXGroup;
			children = (
				EB263DF4259415C2001E47EB /* Amiibo.swift */,
				EB263E1525941B1E001E47EB /* User.swift */,
			);
			path = Model;
			sourceTree = "<group>";
		};
		EB263DF8259415D6001E47EB /* Destination */ = {
			isa = PBXGroup;
			children = (
				EB263DF9259415EC001E47EB /* ZeldaDetail.swift */,
				EB263DFD25941606001E47EB /* MarioDetail.swift */,
				EB263E002594161B001E47EB /* AmiiboDetail.swift */,
			);
			path = Destination;
			sourceTree = "<group>";
		};
/* End PBXGroup section */

/* Begin PBXNativeTarget section */
		EB263DC52593E0F6001E47EB /* StateManagement-ObservableObjects */ = {
			isa = PBXNativeTarget;
			buildConfigurationList = EB263DD52593E0F9001E47EB /* Build configuration list for PBXNativeTarget "StateManagement-ObservableObjects" */;
			buildPhases = (
				EB263DC22593E0F6001E47EB /* Sources */,
				EB263DC32593E0F6001E47EB /* Frameworks */,
				EB263DC42593E0F6001E47EB /* Resources */,
			);
			buildRules = (
			);
			dependencies = (
			);
			name = "StateManagement-ObservableObjects";
			productName = "StateManagement-ObservableObjects";
			productReference = EB263DC62593E0F6001E47EB /* StateManagement-ObservableObjects.app */;
			productType = "com.apple.product-type.application";
		};
/* End PBXNativeTarget section */

/* Begin PBXProject section */
		EB263DBE2593E0F6001E47EB /* Project object */ = {
			isa = PBXProject;
			attributes = {
				LastSwiftUpdateCheck = 1210;
				LastUpgradeCheck = 1210;
				TargetAttributes = {
					EB263DC52593E0F6001E47EB = {
						CreatedOnToolsVersion = 12.1;
					};
				};
			};
			buildConfigurationList = EB263DC12593E0F6001E47EB /* Build configuration list for PBXProject "StateManagement-ObservableObjects" */;
			compatibilityVersion = "Xcode 9.3";
			developmentRegion = en;
			hasScannedForEncodings = 0;
			knownRegions = (
				en,
				Base,
			);
			mainGroup = EB263DBD2593E0F6001E47EB;
			productRefGroup = EB263DC72593E0F6001E47EB /* Products */;
			projectDirPath = "";
			projectRoot = "";
			targets = (
				EB263DC52593E0F6001E47EB /* StateManagement-ObservableObjects */,
			);
		};
/* End PBXProject section */

/* Begin PBXResourcesBuildPhase section */
		EB263DC42593E0F6001E47EB /* Resources */ = {
			isa = PBXResourcesBuildPhase;
			buildActionMask = 2147483647;
			files = (
				EB263DD12593E0F9001E47EB /* Preview Assets.xcassets in Resources */,
				EB263DCE2593E0F9001E47EB /* Assets.xcassets in Resources */,
			);
			runOnlyForDeploymentPostprocessing = 0;
		};
/* End PBXResourcesBuildPhase section */

/* Begin PBXSourcesBuildPhase section */
		EB263DC22593E0F6001E47EB /* Sources */ = {
			isa = PBXSourcesBuildPhase;
			buildActionMask = 2147483647;
			files = (
				EB263E1025941958001E47EB /* MainAmiiboView.swift in Sources */,
				EB263DFA259415EC001E47EB /* ZeldaDetail.swift in Sources */,
				EB263E1325941B01001E47EB /* Settings.swift in Sources */,
				EB263E012594161B001E47EB /* AmiiboDetail.swift in Sources */,
				EB263DF5259415C2001E47EB /* Amiibo.swift in Sources */,
				EB263DCC2593E0F6001E47EB /* DemoLoginView.swift in Sources */,
				EB263E1625941B1E001E47EB /* User.swift in Sources */,
				EB263DCA2593E0F6001E47EB /* StateManagement_ObservableObjectsApp.swift in Sources */,
				EB263DDA2593E13A001E47EB /* MainAppDemo.swift in Sources */,
				EB263DFE25941606001E47EB /* MarioDetail.swift in Sources */,
				EB263DF02594158A001E47EB /* AmiiboCell.swift in Sources */,
				EB263DE42593E18B001E47EB /* PasswordField.swift in Sources */,
				EB263DEB25941566001E47EB /* AmiiboList.swift in Sources */,
				EB263DE02593E172001E47EB /* EmailField.swift in Sources */,
			);
			runOnlyForDeploymentPostprocessing = 0;
		};
/* End PBXSourcesBuildPhase section */

/* Begin XCBuildConfiguration section */
		EB263DD32593E0F9001E47EB /* Debug */ = {
			isa = XCBuildConfiguration;
			buildSettings = {
				ALWAYS_SEARCH_USER_PATHS = NO;
				CLANG_ANALYZER_NONNULL = YES;
				CLANG_ANALYZER_NUMBER_OBJECT_CONVERSION = YES_AGGRESSIVE;
				CLANG_CXX_LANGUAGE_STANDARD = "gnu++14";
				CLANG_CXX_LIBRARY = "libc++";
				CLANG_ENABLE_MODULES = YES;
				CLANG_ENABLE_OBJC_ARC = YES;
				CLANG_ENABLE_OBJC_WEAK = YES;
				CLANG_WARN_BLOCK_CAPTURE_AUTORELEASING = YES;
				CLANG_WARN_BOOL_CONVERSION = YES;
				CLANG_WARN_COMMA = YES;
				CLANG_WARN_CONSTANT_CONVERSION = YES;
				CLANG_WARN_DEPRECATED_OBJC_IMPLEMENTATIONS = YES;
				CLANG_WARN_DIRECT_OBJC_ISA_USAGE = YES_ERROR;
				CLANG_WARN_DOCUMENTATION_COMMENTS = YES;
				CLANG_WARN_EMPTY_BODY = YES;
				CLANG_WARN_ENUM_CONVERSION = YES;
				CLANG_WARN_INFINITE_RECURSION = YES;
				CLANG_WARN_INT_CONVERSION = YES;
				CLANG_WARN_NON_LITERAL_NULL_CONVERSION = YES;
				CLANG_WARN_OBJC_IMPLICIT_RETAIN_SELF = YES;
				CLANG_WARN_OBJC_LITERAL_CONVERSION = YES;
				CLANG_WARN_OBJC_ROOT_CLASS = YES_ERROR;
				CLANG_WARN_QUOTED_INCLUDE_IN_FRAMEWORK_HEADER = YES;
				CLANG_WARN_RANGE_LOOP_ANALYSIS = YES;
				CLANG_WARN_STRICT_PROTOTYPES = YES;
				CLANG_WARN_SUSPICIOUS_MOVE = YES;
				CLANG_WARN_UNGUARDED_AVAILABILITY = YES_AGGRESSIVE;
				CLANG_WARN_UNREACHABLE_CODE = YES;
				CLANG_WARN__DUPLICATE_METHOD_MATCH = YES;
				COPY_PHASE_STRIP = NO;
				DEBUG_INFORMATION_FORMAT = dwarf;
				ENABLE_STRICT_OBJC_MSGSEND = YES;
				ENABLE_TESTABILITY = YES;
				GCC_C_LANGUAGE_STANDARD = gnu11;
				GCC_DYNAMIC_NO_PIC = NO;
				GCC_NO_COMMON_BLOCKS = YES;
				GCC_OPTIMIZATION_LEVEL = 0;
				GCC_PREPROCESSOR_DEFINITIONS = (
					"DEBUG=1",
					"$(inherited)",
				);
				GCC_WARN_64_TO_32_BIT_CONVERSION = YES;
				GCC_WARN_ABOUT_RETURN_TYPE = YES_ERROR;
				GCC_WARN_UNDECLARED_SELECTOR = YES;
				GCC_WARN_UNINITIALIZED_AUTOS = YES_AGGRESSIVE;
				GCC_WARN_UNUSED_FUNCTION = YES;
				GCC_WARN_UNUSED_VARIABLE = YES;
				IPHONEOS_DEPLOYMENT_TARGET = 14.1;
				MTL_ENABLE_DEBUG_INFO = INCLUDE_SOURCE;
				MTL_FAST_MATH = YES;
				ONLY_ACTIVE_ARCH = YES;
				SDKROOT = iphoneos;
				SWIFT_ACTIVE_COMPILATION_CONDITIONS = DEBUG;
				SWIFT_OPTIMIZATION_LEVEL = "-Onone";
			};
			name = Debug;
		};
		EB263DD42593E0F9001E47EB /* Release */ = {
			isa = XCBuildConfiguration;
			buildSettings = {
				ALWAYS_SEARCH_USER_PATHS = NO;
				CLANG_ANALYZER_NONNULL = YES;
				CLANG_ANALYZER_NUMBER_OBJECT_CONVERSION = YES_AGGRESSIVE;
				CLANG_CXX_LANGUAGE_STANDARD = "gnu++14";
				CLANG_CXX_LIBRARY = "libc++";
				CLANG_ENABLE_MODULES = YES;
				CLANG_ENABLE_OBJC_ARC = YES;
				CLANG_ENABLE_OBJC_WEAK = YES;
				CLANG_WARN_BLOCK_CAPTURE_AUTORELEASING = YES;
				CLANG_WARN_BOOL_CONVERSION = YES;
				CLANG_WARN_COMMA = YES;
				CLANG_WARN_CONSTANT_CONVERSION = YES;
				CLANG_WARN_DEPRECATED_OBJC_IMPLEMENTATIONS = YES;
				CLANG_WARN_DIRECT_OBJC_ISA_USAGE = YES_ERROR;
				CLANG_WARN_DOCUMENTATION_COMMENTS = YES;
				CLANG_WARN_EMPTY_BODY = YES;
				CLANG_WARN_ENUM_CONVERSION = YES;
				CLANG_WARN_INFINITE_RECURSION = YES;
				CLANG_WARN_INT_CONVERSION = YES;
				CLANG_WARN_NON_LITERAL_NULL_CONVERSION = YES;
				CLANG_WARN_OBJC_IMPLICIT_RETAIN_SELF = YES;
				CLANG_WARN_OBJC_LITERAL_CONVERSION = YES;
				CLANG_WARN_OBJC_ROOT_CLASS = YES_ERROR;
				CLANG_WARN_QUOTED_INCLUDE_IN_FRAMEWORK_HEADER = YES;
				CLANG_WARN_RANGE_LOOP_ANALYSIS = YES;
				CLANG_WARN_STRICT_PROTOTYPES = YES;
				CLANG_WARN_SUSPICIOUS_MOVE = YES;
				CLANG_WARN_UNGUARDED_AVAILABILITY = YES_AGGRESSIVE;
				CLANG_WARN_UNREACHABLE_CODE = YES;
				CLANG_WARN__DUPLICATE_METHOD_MATCH = YES;
				COPY_PHASE_STRIP = NO;
				DEBUG_INFORMATION_FORMAT = "dwarf-with-dsym";
				ENABLE_NS_ASSERTIONS = NO;
				ENABLE_STRICT_OBJC_MSGSEND = YES;
				GCC_C_LANGUAGE_STANDARD = gnu11;
				GCC_NO_COMMON_BLOCKS = YES;
				GCC_WARN_64_TO_32_BIT_CONVERSION = YES;
				GCC_WARN_ABOUT_RETURN_TYPE = YES_ERROR;
				GCC_WARN_UNDECLARED_SELECTOR = YES;
				GCC_WARN_UNINITIALIZED_AUTOS = YES_AGGRESSIVE;
				GCC_WARN_UNUSED_FUNCTION = YES;
				GCC_WARN_UNUSED_VARIABLE = YES;
				IPHONEOS_DEPLOYMENT_TARGET = 14.1;
				MTL_ENABLE_DEBUG_INFO = NO;
				MTL_FAST_MATH = YES;
				SDKROOT = iphoneos;
				SWIFT_COMPILATION_MODE = wholemodule;
				SWIFT_OPTIMIZATION_LEVEL = "-O";
				VALIDATE_PRODUCT = YES;
			};
			name = Release;
		};
		EB263DD62593E0F9001E47EB /* Debug */ = {
			isa = XCBuildConfiguration;
			buildSettings = {
				ASSETCATALOG_COMPILER_APPICON_NAME = AppIcon;
				ASSETCATALOG_COMPILER_GLOBAL_ACCENT_COLOR_NAME = AccentColor;
				CODE_SIGN_STYLE = Automatic;
				DEVELOPMENT_ASSET_PATHS = "\"StateManagement-ObservableObjects/Preview Content\"";
				DEVELOPMENT_TEAM = LHJA6J73E9;
				ENABLE_PREVIEWS = YES;
				INFOPLIST_FILE = "StateManagement-ObservableObjects/Info.plist";
				IPHONEOS_DEPLOYMENT_TARGET = 14.0;
				LD_RUNPATH_SEARCH_PATHS = (
					"$(inherited)",
					"@executable_path/Frameworks",
				);
				PRODUCT_BUNDLE_IDENTIFIER = "com.swiftandtips.StateManagement-ObservableObjects";
				PRODUCT_NAME = "$(TARGET_NAME)";
				SWIFT_VERSION = 5.0;
				TARGETED_DEVICE_FAMILY = "1,2";
			};
			name = Debug;
		};
		EB263DD72593E0F9001E47EB /* Release */ = {
			isa = XCBuildConfiguration;
			buildSettings = {
				ASSETCATALOG_COMPILER_APPICON_NAME = AppIcon;
				ASSETCATALOG_COMPILER_GLOBAL_ACCENT_COLOR_NAME = AccentColor;
				CODE_SIGN_STYLE = Automatic;
				DEVELOPMENT_ASSET_PATHS = "\"StateManagement-ObservableObjects/Preview Content\"";
				DEVELOPMENT_TEAM = LHJA6J73E9;
				ENABLE_PREVIEWS = YES;
				INFOPLIST_FILE = "StateManagement-ObservableObjects/Info.plist";
				IPHONEOS_DEPLOYMENT_TARGET = 14.0;
				LD_RUNPATH_SEARCH_PATHS = (
					"$(inherited)",
					"@executable_path/Frameworks",
				);
				PRODUCT_BUNDLE_IDENTIFIER = "com.swiftandtips.StateManagement-ObservableObjects";
				PRODUCT_NAME = "$(TARGET_NAME)";
				SWIFT_VERSION = 5.0;
				TARGETED_DEVICE_FAMILY = "1,2";
			};
			name = Release;
		};
/* End XCBuildConfiguration section */

/* Begin XCConfigurationList section */
		EB263DC12593E0F6001E47EB /* Build configuration list for PBXProject "StateManagement-ObservableObjects" */ = {
			isa = XCConfigurationList;
			buildConfigurations = (
				EB263DD32593E0F9001E47EB /* Debug */,
				EB263DD42593E0F9001E47EB /* Release */,
			);
			defaultConfigurationIsVisible = 0;
			defaultConfigurationName = Release;
		};
		EB263DD52593E0F9001E47EB /* Build configuration list for PBXNativeTarget "StateManagement-ObservableObjects" */ = {
			isa = XCConfigurationList;
			buildConfigurations = (
				EB263DD62593E0F9001E47EB /* Debug */,
				EB263DD72593E0F9001E47EB /* Release */,
			);
			defaultConfigurationIsVisible = 0;
			defaultConfigurationName = Release;
		};
/* End XCConfigurationList section */
	};
	rootObject = EB263DBE2593E0F6001E47EB /* Project object */;
}
