// !$*UTF8*$!
{
	archiveVersion = 1;
	classes = {
	};
	objectVersion = 50;
	objects = {

/* Begin PBXBuildFile section */
		B52BF16325DEDD6B0011D56D /* BankTitle.swift in Sources */ = {isa = PBXBuildFile; fileRef = B52BF16225DEDD6B0011D56D /* BankTitle.swift */; };
		B52BF16825DEE2A20011D56D /* LoginBankViewModel.swift in Sources */ = {isa = PBXBuildFile; fileRef = B52BF16725DEE2A20011D56D /* LoginBankViewModel.swift */; };
		B52BF16F25E008C80011D56D /* MainBankView.swift in Sources */ = {isa = PBXBuildFile; fileRef = B52BF16E25E008C80011D56D /* MainBankView.swift */; };
		B5616E3B25DED9A1004F362B /* BackgroundGradientView.swift in Sources */ = {isa = PBXBuildFile; fileRef = B5616E3A25DED9A1004F362B /* BackgroundGradientView.swift */; };
		B5B00DFD25DAC82800D38982 /* UIViewRepresentableDemoApp.swift in Sources */ = {isa = PBXBuildFile; fileRef = B5B00DFC25DAC82800D38982 /* UIViewRepresentableDemoApp.swift */; };
		B5B00DFF25DAC82800D38982 /* LoginBankView.swift in Sources */ = {isa = PBXBuildFile; fileRef = B5B00DFE25DAC82800D38982 /* LoginBankView.swift */; };
		B5B00E0125DAC82A00D38982 /* Assets.xcassets in Resources */ = {isa = PBXBuildFile; fileRef = B5B00E0025DAC82A00D38982 /* Assets.xcassets */; };
		B5B00E0425DAC82A00D38982 /* Preview Assets.xcassets in Resources */ = {isa = PBXBuildFile; fileRef = B5B00E0325DAC82A00D38982 /* Preview Assets.xcassets */; };
		B5BC7F9925DE3F3800E3207C /* PinCodeField.swift in Sources */ = {isa = PBXBuildFile; fileRef = B5BC7F9825DE3F3800E3207C /* PinCodeField.swift */; };
/* End PBXBuildFile section */

/* Begin PBXFileReference section */
		B52BF16225DEDD6B0011D56D /* BankTitle.swift */ = {isa = PBXFileReference; lastKnownFileType = sourcecode.swift; path = BankTitle.swift; sourceTree = "<group>"; };
		B52BF16725DEE2A20011D56D /* LoginBankViewModel.swift */ = {isa = PBXFileReference; lastKnownFileType = sourcecode.swift; path = LoginBankViewModel.swift; sourceTree = "<group>"; };
		B52BF16E25E008C80011D56D /* MainBankView.swift */ = {isa = PBXFileReference; lastKnownFileType = sourcecode.swift; path = MainBankView.swift; sourceTree = "<group>"; };
		B5616E3A25DED9A1004F362B /* BackgroundGradientView.swift */ = {isa = PBXFileReference; lastKnownFileType = sourcecode.swift; path = BackgroundGradientView.swift; sourceTree = "<group>"; };
		B5B00DF925DAC82800D38982 /* UIViewRepresentableDemo.app */ = {isa = PBXFileReference; explicitFileType = wrapper.application; includeInIndex = 0; path = UIViewRepresentableDemo.app; sourceTree = BUILT_PRODUCTS_DIR; };
		B5B00DFC25DAC82800D38982 /* UIViewRepresentableDemoApp.swift */ = {isa = PBXFileReference; lastKnownFileType = sourcecode.swift; path = UIViewRepresentableDemoApp.swift; sourceTree = "<group>"; };
		B5B00DFE25DAC82800D38982 /* LoginBankView.swift */ = {isa = PBXFileReference; lastKnownFileType = sourcecode.swift; path = LoginBankView.swift; sourceTree = "<group>"; };
		B5B00E0025DAC82A00D38982 /* Assets.xcassets */ = {isa = PBXFileReference; lastKnownFileType = folder.assetcatalog; path = Assets.xcassets; sourceTree = "<group>"; };
		B5B00E0325DAC82A00D38982 /* Preview Assets.xcassets */ = {isa = PBXFileReference; lastKnownFileType = folder.assetcatalog; path = "Preview Assets.xcassets"; sourceTree = "<group>"; };
		B5B00E0525DAC82A00D38982 /* Info.plist */ = {isa = PBXFileReference; lastKnownFileType = text.plist.xml; path = Info.plist; sourceTree = "<group>"; };
		B5BC7F9825DE3F3800E3207C /* PinCodeField.swift */ = {isa = PBXFileReference; lastKnownFileType = sourcecode.swift; path = PinCodeField.swift; sourceTree = "<group>"; };
/* End PBXFileReference section */

/* Begin PBXFrameworksBuildPhase section */
		B5B00DF625DAC82800D38982 /* Frameworks */ = {
			isa = PBXFrameworksBuildPhase;
			buildActionMask = 2147483647;
			files = (
			);
			runOnlyForDeploymentPostprocessing = 0;
		};
/* End PBXFrameworksBuildPhase section */

/* Begin PBXGroup section */
		B52BF16625DEE28B0011D56D /* ViewModel */ = {
			isa = PBXGroup;
			children = (
				B52BF16725DEE2A20011D56D /* LoginBankViewModel.swift */,
			);
			path = ViewModel;
			sourceTree = "<group>";
		};
		B5616E3925DED98B004F362B /* Utilities */ = {
			isa = PBXGroup;
			children = (
				B5616E3A25DED9A1004F362B /* BackgroundGradientView.swift */,
				B52BF16225DEDD6B0011D56D /* BankTitle.swift */,
			);
			path = Utilities;
			sourceTree = "<group>";
		};
		B5B00DF025DAC82800D38982 = {
			isa = PBXGroup;
			children = (
				B5B00DFB25DAC82800D38982 /* UIViewRepresentableDemo */,
				B5B00DFA25DAC82800D38982 /* Products */,
			);
			sourceTree = "<group>";
		};
		B5B00DFA25DAC82800D38982 /* Products */ = {
			isa = PBXGroup;
			children = (
				B5B00DF925DAC82800D38982 /* UIViewRepresentableDemo.app */,
			);
			name = Products;
			sourceTree = "<group>";
		};
		B5B00DFB25DAC82800D38982 /* UIViewRepresentableDemo */ = {
			isa = PBXGroup;
			children = (
				B5BC7F9725DE3F1500E3207C /* Demo 2 */,
				B5B00E0E25DD54D600D38982 /* Demo 1 */,
				B5B00DFC25DAC82800D38982 /* UIViewRepresentableDemoApp.swift */,
				B5B00E0025DAC82A00D38982 /* Assets.xcassets */,
				B5B00E0525DAC82A00D38982 /* Info.plist */,
				B5B00E0225DAC82A00D38982 /* Preview Content */,
			);
			path = UIViewRepresentableDemo;
			sourceTree = "<group>";
		};
		B5B00E0225DAC82A00D38982 /* Preview Content */ = {
			isa = PBXGroup;
			children = (
				B5B00E0325DAC82A00D38982 /* Preview Assets.xcassets */,
			);
			path = "Preview Content";
			sourceTree = "<group>";
		};
		B5B00E0E25DD54D600D38982 /* Demo 1 */ = {
			isa = PBXGroup;
			children = (
			);
			path = "Demo 1";
			sourceTree = "<group>";
		};
		B5BC7F9725DE3F1500E3207C /* Demo 2 */ = {
			isa = PBXGroup;
			children = (
				B5616E3925DED98B004F362B /* Utilities */,
				B52BF16625DEE28B0011D56D /* ViewModel */,
				B5BC7F9825DE3F3800E3207C /* PinCodeField.swift */,
				B5B00DFE25DAC82800D38982 /* LoginBankView.swift */,
				B52BF16E25E008C80011D56D /* MainBankView.swift */,
			);
			path = "Demo 2";
			sourceTree = "<group>";
		};
/* End PBXGroup section */

/* Begin PBXNativeTarget section */
		B5B00DF825DAC82800D38982 /* UIViewRepresentableDemo */ = {
			isa = PBXNativeTarget;
			buildConfigurationList = B5B00E0825DAC82A00D38982 /* Build configuration list for PBXNativeTarget "UIViewRepresentableDemo" */;
			buildPhases = (
				B5B00DF525DAC82800D38982 /* Sources */,
				B5B00DF625DAC82800D38982 /* Frameworks */,
				B5B00DF725DAC82800D38982 /* Resources */,
			);
			buildRules = (
			);
			dependencies = (
			);
			name = UIViewRepresentableDemo;
			productName = UIViewRepresentableDemo;
			productReference = B5B00DF925DAC82800D38982 /* UIViewRepresentableDemo.app */;
			productType = "com.apple.product-type.application";
		};
/* End PBXNativeTarget section */

/* Begin PBXProject section */
		B5B00DF125DAC82800D38982 /* Project object */ = {
			isa = PBXProject;
			attributes = {
				LastSwiftUpdateCheck = 1240;
				LastUpgradeCheck = 1240;
				TargetAttributes = {
					B5B00DF825DAC82800D38982 = {
						CreatedOnToolsVersion = 12.4;
					};
				};
			};
			buildConfigurationList = B5B00DF425DAC82800D38982 /* Build configuration list for PBXProject "UIViewRepresentableDemo" */;
			compatibilityVersion = "Xcode 9.3";
			developmentRegion = en;
			hasScannedForEncodings = 0;
			knownRegions = (
				en,
				Base,
			);
			mainGroup = B5B00DF025DAC82800D38982;
			productRefGroup = B5B00DFA25DAC82800D38982 /* Products */;
			projectDirPath = "";
			projectRoot = "";
			targets = (
				B5B00DF825DAC82800D38982 /* UIViewRepresentableDemo */,
			);
		};
/* End PBXProject section */

/* Begin PBXResourcesBuildPhase section */
		B5B00DF725DAC82800D38982 /* Resources */ = {
			isa = PBXResourcesBuildPhase;
			buildActionMask = 2147483647;
			files = (
				B5B00E0425DAC82A00D38982 /* Preview Assets.xcassets in Resources */,
				B5B00E0125DAC82A00D38982 /* Assets.xcassets in Resources */,
			);
			runOnlyForDeploymentPostprocessing = 0;
		};
/* End PBXResourcesBuildPhase section */

/* Begin PBXSourcesBuildPhase section */
		B5B00DF525DAC82800D38982 /* Sources */ = {
			isa = PBXSourcesBuildPhase;
			buildActionMask = 2147483647;
			files = (
				B52BF16325DEDD6B0011D56D /* BankTitle.swift in Sources */,
				B5BC7F9925DE3F3800E3207C /* PinCodeField.swift in Sources */,
				B52BF16F25E008C80011D56D /* MainBankView.swift in Sources */,
				B5B00DFF25DAC82800D38982 /* LoginBankView.swift in Sources */,
				B52BF16825DEE2A20011D56D /* LoginBankViewModel.swift in Sources */,
				B5B00DFD25DAC82800D38982 /* UIViewRepresentableDemoApp.swift in Sources */,
				B5616E3B25DED9A1004F362B /* BackgroundGradientView.swift in Sources */,
			);
			runOnlyForDeploymentPostprocessing = 0;
		};
/* End PBXSourcesBuildPhase section */

/* Begin XCBuildConfiguration section */
		B5B00E0625DAC82A00D38982 /* Debug */ = {
			isa = XCBuildConfiguration;
			buildSettings = {
				ALWAYS_SEARCH_USER_PATHS = NO;
				CLANG_ANALYZER_NONNULL = YES;
				CLANG_ANALYZER_NUMBER_OBJECT_CONVERSION = YES_AGGRESSIVE;
				CLANG_CXX_LANGUAGE_STANDARD = "gnu++14";
				CLANG_CXX_LIBRARY = "libc++";
				CLANG_ENABLE_MODULES = YES;
				CLANG_ENABLE_OBJC_ARC = YES;
				CLANG_ENABLE_OBJC_WEAK = YES;
				CLANG_WARN_BLOCK_CAPTURE_AUTORELEASING = YES;
				CLANG_WARN_BOOL_CONVERSION = YES;
				CLANG_WARN_COMMA = YES;
				CLANG_WARN_CONSTANT_CONVERSION = YES;
				CLANG_WARN_DEPRECATED_OBJC_IMPLEMENTATIONS = YES;
				CLANG_WARN_DIRECT_OBJC_ISA_USAGE = YES_ERROR;
				CLANG_WARN_DOCUMENTATION_COMMENTS = YES;
				CLANG_WARN_EMPTY_BODY = YES;
				CLANG_WARN_ENUM_CONVERSION = YES;
				CLANG_WARN_INFINITE_RECURSION = YES;
				CLANG_WARN_INT_CONVERSION = YES;
				CLANG_WARN_NON_LITERAL_NULL_CONVERSION = YES;
				CLANG_WARN_OBJC_IMPLICIT_RETAIN_SELF = YES;
				CLANG_WARN_OBJC_LITERAL_CONVERSION = YES;
				CLANG_WARN_OBJC_ROOT_CLASS = YES_ERROR;
				CLANG_WARN_QUOTED_INCLUDE_IN_FRAMEWORK_HEADER = YES;
				CLANG_WARN_RANGE_LOOP_ANALYSIS = YES;
				CLANG_WARN_STRICT_PROTOTYPES = YES;
				CLANG_WARN_SUSPICIOUS_MOVE = YES;
				CLANG_WARN_UNGUARDED_AVAILABILITY = YES_AGGRESSIVE;
				CLANG_WARN_UNREACHABLE_CODE = YES;
				CLANG_WARN__DUPLICATE_METHOD_MATCH = YES;
				COPY_PHASE_STRIP = NO;
				DEBUG_INFORMATION_FORMAT = dwarf;
				ENABLE_STRICT_OBJC_MSGSEND = YES;
				ENABLE_TESTABILITY = YES;
				GCC_C_LANGUAGE_STANDARD = gnu11;
				GCC_DYNAMIC_NO_PIC = NO;
				GCC_NO_COMMON_BLOCKS = YES;
				GCC_OPTIMIZATION_LEVEL = 0;
				GCC_PREPROCESSOR_DEFINITIONS = (
					"DEBUG=1",
					"$(inherited)",
				);
				GCC_WARN_64_TO_32_BIT_CONVERSION = YES;
				GCC_WARN_ABOUT_RETURN_TYPE = YES_ERROR;
				GCC_WARN_UNDECLARED_SELECTOR = YES;
				GCC_WARN_UNINITIALIZED_AUTOS = YES_AGGRESSIVE;
				GCC_WARN_UNUSED_FUNCTION = YES;
				GCC_WARN_UNUSED_VARIABLE = YES;
				IPHONEOS_DEPLOYMENT_TARGET = 14.4;
				MTL_ENABLE_DEBUG_INFO = INCLUDE_SOURCE;
				MTL_FAST_MATH = YES;
				ONLY_ACTIVE_ARCH = YES;
				SDKROOT = iphoneos;
				SWIFT_ACTIVE_COMPILATION_CONDITIONS = DEBUG;
				SWIFT_OPTIMIZATION_LEVEL = "-Onone";
			};
			name = Debug;
		};
		B5B00E0725DAC82A00D38982 /* Release */ = {
			isa = XCBuildConfiguration;
			buildSettings = {
				ALWAYS_SEARCH_USER_PATHS = NO;
				CLANG_ANALYZER_NONNULL = YES;
				CLANG_ANALYZER_NUMBER_OBJECT_CONVERSION = YES_AGGRESSIVE;
				CLANG_CXX_LANGUAGE_STANDARD = "gnu++14";
				CLANG_CXX_LIBRARY = "libc++";
				CLANG_ENABLE_MODULES = YES;
				CLANG_ENABLE_OBJC_ARC = YES;
				CLANG_ENABLE_OBJC_WEAK = YES;
				CLANG_WARN_BLOCK_CAPTURE_AUTORELEASING = YES;
				CLANG_WARN_BOOL_CONVERSION = YES;
				CLANG_WARN_COMMA = YES;
				CLANG_WARN_CONSTANT_CONVERSION = YES;
				CLANG_WARN_DEPRECATED_OBJC_IMPLEMENTATIONS = YES;
				CLANG_WARN_DIRECT_OBJC_ISA_USAGE = YES_ERROR;
				CLANG_WARN_DOCUMENTATION_COMMENTS = YES;
				CLANG_WARN_EMPTY_BODY = YES;
				CLANG_WARN_ENUM_CONVERSION = YES;
				CLANG_WARN_INFINITE_RECURSION = YES;
				CLANG_WARN_INT_CONVERSION = YES;
				CLANG_WARN_NON_LITERAL_NULL_CONVERSION = YES;
				CLANG_WARN_OBJC_IMPLICIT_RETAIN_SELF = YES;
				CLANG_WARN_OBJC_LITERAL_CONVERSION = YES;
				CLANG_WARN_OBJC_ROOT_CLASS = YES_ERROR;
				CLANG_WARN_QUOTED_INCLUDE_IN_FRAMEWORK_HEADER = YES;
				CLANG_WARN_RANGE_LOOP_ANALYSIS = YES;
				CLANG_WARN_STRICT_PROTOTYPES = YES;
				CLANG_WARN_SUSPICIOUS_MOVE = YES;
				CLANG_WARN_UNGUARDED_AVAILABILITY = YES_AGGRESSIVE;
				CLANG_WARN_UNREACHABLE_CODE = YES;
				CLANG_WARN__DUPLICATE_METHOD_MATCH = YES;
				COPY_PHASE_STRIP = NO;
				DEBUG_INFORMATION_FORMAT = "dwarf-with-dsym";
				ENABLE_NS_ASSERTIONS = NO;
				ENABLE_STRICT_OBJC_MSGSEND = YES;
				GCC_C_LANGUAGE_STANDARD = gnu11;
				GCC_NO_COMMON_BLOCKS = YES;
				GCC_WARN_64_TO_32_BIT_CONVERSION = YES;
				GCC_WARN_ABOUT_RETURN_TYPE = YES_ERROR;
				GCC_WARN_UNDECLARED_SELECTOR = YES;
				GCC_WARN_UNINITIALIZED_AUTOS = YES_AGGRESSIVE;
				GCC_WARN_UNUSED_FUNCTION = YES;
				GCC_WARN_UNUSED_VARIABLE = YES;
				IPHONEOS_DEPLOYMENT_TARGET = 14.4;
				MTL_ENABLE_DEBUG_INFO = NO;
				MTL_FAST_MATH = YES;
				SDKROOT = iphoneos;
				SWIFT_COMPILATION_MODE = wholemodule;
				SWIFT_OPTIMIZATION_LEVEL = "-O";
				VALIDATE_PRODUCT = YES;
			};
			name = Release;
		};
		B5B00E0925DAC82A00D38982 /* Debug */ = {
			isa = XCBuildConfiguration;
			buildSettings = {
				ASSETCATALOG_COMPILER_APPICON_NAME = AppIcon;
				ASSETCATALOG_COMPILER_GLOBAL_ACCENT_COLOR_NAME = AccentColor;
				CODE_SIGN_STYLE = Automatic;
				DEVELOPMENT_ASSET_PATHS = "\"UIViewRepresentableDemo/Preview Content\"";
				ENABLE_PREVIEWS = YES;
				INFOPLIST_FILE = UIViewRepresentableDemo/Info.plist;
				IPHONEOS_DEPLOYMENT_TARGET = 14.0;
				LD_RUNPATH_SEARCH_PATHS = (
					"$(inherited)",
					"@executable_path/Frameworks",
				);
				PRODUCT_BUNDLE_IDENTIFIER = com.swiftandtips.UIViewRepresentableDemo;
				PRODUCT_NAME = "$(TARGET_NAME)";
				SWIFT_VERSION = 5.0;
				TARGETED_DEVICE_FAMILY = 1;
			};
			name = Debug;
		};
		B5B00E0A25DAC82A00D38982 /* Release */ = {
			isa = XCBuildConfiguration;
			buildSettings = {
				ASSETCATALOG_COMPILER_APPICON_NAME = AppIcon;
				ASSETCATALOG_COMPILER_GLOBAL_ACCENT_COLOR_NAME = AccentColor;
				CODE_SIGN_STYLE = Automatic;
				DEVELOPMENT_ASSET_PATHS = "\"UIViewRepresentableDemo/Preview Content\"";
				ENABLE_PREVIEWS = YES;
				INFOPLIST_FILE = UIViewRepresentableDemo/Info.plist;
				IPHONEOS_DEPLOYMENT_TARGET = 14.0;
				LD_RUNPATH_SEARCH_PATHS = (
					"$(inherited)",
					"@executable_path/Frameworks",
				);
				PRODUCT_BUNDLE_IDENTIFIER = com.swiftandtips.UIViewRepresentableDemo;
				PRODUCT_NAME = "$(TARGET_NAME)";
				SWIFT_VERSION = 5.0;
				TARGETED_DEVICE_FAMILY = 1;
			};
			name = Release;
		};
/* End XCBuildConfiguration section */

/* Begin XCConfigurationList section */
		B5B00DF425DAC82800D38982 /* Build configuration list for PBXProject "UIViewRepresentableDemo" */ = {
			isa = XCConfigurationList;
			buildConfigurations = (
				B5B00E0625DAC82A00D38982 /* Debug */,
				B5B00E0725DAC82A00D38982 /* Release */,
			);
			defaultConfigurationIsVisible = 0;
			defaultConfigurationName = Release;
		};
		B5B00E0825DAC82A00D38982 /* Build configuration list for PBXNativeTarget "UIViewRepresentableDemo" */ = {
			isa = XCConfigurationList;
			buildConfigurations = (
				B5B00E0925DAC82A00D38982 /* Debug */,
				B5B00E0A25DAC82A00D38982 /* Release */,
			);
			defaultConfigurationIsVisible = 0;
			defaultConfigurationName = Release;
		};
/* End XCConfigurationList section */
	};
	rootObject = B5B00DF125DAC82800D38982 /* Project object */;
}
