// !$*UTF8*$!
{
	archiveVersion = 1;
	classes = {
	};
	objectVersion = 50;
	objects = {

/* Begin PBXBuildFile section */
		EB214B4525B5EEF70078335D /* AwesomeQuotesApp.swift in Sources */ = {isa = PBXBuildFile; fileRef = EB214B4425B5EEF70078335D /* AwesomeQuotesApp.swift */; };
		EB214B4725B5EEF70078335D /* MainView.swift in Sources */ = {isa = PBXBuildFile; fileRef = EB214B4625B5EEF70078335D /* MainView.swift */; };
		EB214B4925B5EEFB0078335D /* Assets.xcassets in Resources */ = {isa = PBXBuildFile; fileRef = EB214B4825B5EEFB0078335D /* Assets.xcassets */; };
		EB214B4C25B5EEFB0078335D /* Preview Assets.xcassets in Resources */ = {isa = PBXBuildFile; fileRef = EB214B4B25B5EEFB0078335D /* Preview Assets.xcassets */; };
		EB214B5A25B624590078335D /* Quote.swift in Sources */ = {isa = PBXBuildFile; fileRef = EB214B5925B624590078335D /* Quote.swift */; };
		EBD550A625B69A74006A719D /* QuoteCell.swift in Sources */ = {isa = PBXBuildFile; fileRef = EBD550A525B69A74006A719D /* QuoteCell.swift */; };
		EBD550A925B6A325006A719D /* QuoteDetail.swift in Sources */ = {isa = PBXBuildFile; fileRef = EBD550A825B6A325006A719D /* QuoteDetail.swift */; };
		EBD550AD25B6AA10006A719D /* NavigationLinkNoArrow.swift in Sources */ = {isa = PBXBuildFile; fileRef = EBD550AC25B6AA10006A719D /* NavigationLinkNoArrow.swift */; };
/* End PBXBuildFile section */

/* Begin PBXFileReference section */
		EB214B4125B5EEF70078335D /* AwesomeQuotes.app */ = {isa = PBXFileReference; explicitFileType = wrapper.application; includeInIndex = 0; path = AwesomeQuotes.app; sourceTree = BUILT_PRODUCTS_DIR; };
		EB214B4425B5EEF70078335D /* AwesomeQuotesApp.swift */ = {isa = PBXFileReference; lastKnownFileType = sourcecode.swift; path = AwesomeQuotesApp.swift; sourceTree = "<group>"; };
		EB214B4625B5EEF70078335D /* MainView.swift */ = {isa = PBXFileReference; lastKnownFileType = sourcecode.swift; path = MainView.swift; sourceTree = "<group>"; };
		EB214B4825B5EEFB0078335D /* Assets.xcassets */ = {isa = PBXFileReference; lastKnownFileType = folder.assetcatalog; path = Assets.xcassets; sourceTree = "<group>"; };
		EB214B4B25B5EEFB0078335D /* Preview Assets.xcassets */ = {isa = PBXFileReference; lastKnownFileType = folder.assetcatalog; path = "Preview Assets.xcassets"; sourceTree = "<group>"; };
		EB214B4D25B5EEFB0078335D /* Info.plist */ = {isa = PBXFileReference; lastKnownFileType = text.plist.xml; path = Info.plist; sourceTree = "<group>"; };
		EB214B5925B624590078335D /* Quote.swift */ = {isa = PBXFileReference; lastKnownFileType = sourcecode.swift; path = Quote.swift; sourceTree = "<group>"; };
		EBD550A525B69A74006A719D /* QuoteCell.swift */ = {isa = PBXFileReference; lastKnownFileType = sourcecode.swift; path = QuoteCell.swift; sourceTree = "<group>"; };
		EBD550A825B6A325006A719D /* QuoteDetail.swift */ = {isa = PBXFileReference; lastKnownFileType = sourcecode.swift; path = QuoteDetail.swift; sourceTree = "<group>"; };
		EBD550AC25B6AA10006A719D /* NavigationLinkNoArrow.swift */ = {isa = PBXFileReference; lastKnownFileType = sourcecode.swift; path = NavigationLinkNoArrow.swift; sourceTree = "<group>"; };
/* End PBXFileReference section */

/* Begin PBXFrameworksBuildPhase section */
		EB214B3E25B5EEF70078335D /* Frameworks */ = {
			isa = PBXFrameworksBuildPhase;
			buildActionMask = 2147483647;
			files = (
			);
			runOnlyForDeploymentPostprocessing = 0;
		};
/* End PBXFrameworksBuildPhase section */

/* Begin PBXGroup section */
		EB214B3825B5EEF70078335D = {
			isa = PBXGroup;
			children = (
				EB214B4325B5EEF70078335D /* AwesomeQuotes */,
				EB214B4225B5EEF70078335D /* Products */,
			);
			sourceTree = "<group>";
		};
		EB214B4225B5EEF70078335D /* Products */ = {
			isa = PBXGroup;
			children = (
				EB214B4125B5EEF70078335D /* AwesomeQuotes.app */,
			);
			name = Products;
			sourceTree = "<group>";
		};
		EB214B4325B5EEF70078335D /* AwesomeQuotes */ = {
			isa = PBXGroup;
			children = (
				EBD550B025B6AC24006A719D /* Views */,
				EBD550AB25B6A9F6006A719D /* Helpers */,
				EB214B5425B5F2F30078335D /* Model */,
				EB214B4425B5EEF70078335D /* AwesomeQuotesApp.swift */,
				EB214B4825B5EEFB0078335D /* Assets.xcassets */,
				EB214B4D25B5EEFB0078335D /* Info.plist */,
				EB214B4A25B5EEFB0078335D /* Preview Content */,
			);
			path = AwesomeQuotes;
			sourceTree = "<group>";
		};
		EB214B4A25B5EEFB0078335D /* Preview Content */ = {
			isa = PBXGroup;
			children = (
				EB214B4B25B5EEFB0078335D /* Preview Assets.xcassets */,
			);
			path = "Preview Content";
			sourceTree = "<group>";
		};
		EB214B5425B5F2F30078335D /* Model */ = {
			isa = PBXGroup;
			children = (
				EB214B5925B624590078335D /* Quote.swift */,
			);
			path = Model;
			sourceTree = "<group>";
		};
		EBD550AB25B6A9F6006A719D /* Helpers */ = {
			isa = PBXGroup;
			children = (
				EBD550AC25B6AA10006A719D /* NavigationLinkNoArrow.swift */,
			);
			path = Helpers;
			sourceTree = "<group>";
		};
		EBD550B025B6AC24006A719D /* Views */ = {
			isa = PBXGroup;
			children = (
				EB214B4625B5EEF70078335D /* MainView.swift */,
				EBD550A525B69A74006A719D /* QuoteCell.swift */,
				EBD550A825B6A325006A719D /* QuoteDetail.swift */,
			);
			path = Views;
			sourceTree = "<group>";
		};
/* End PBXGroup section */

/* Begin PBXNativeTarget section */
		EB214B4025B5EEF70078335D /* AwesomeQuotes */ = {
			isa = PBXNativeTarget;
			buildConfigurationList = EB214B5025B5EEFB0078335D /* Build configuration list for PBXNativeTarget "AwesomeQuotes" */;
			buildPhases = (
				EB214B3D25B5EEF70078335D /* Sources */,
				EB214B3E25B5EEF70078335D /* Frameworks */,
				EB214B3F25B5EEF70078335D /* Resources */,
			);
			buildRules = (
			);
			dependencies = (
			);
			name = AwesomeQuotes;
			productName = AwesomeQuotes;
			productReference = EB214B4125B5EEF70078335D /* AwesomeQuotes.app */;
			productType = "com.apple.product-type.application";
		};
/* End PBXNativeTarget section */

/* Begin PBXProject section */
		EB214B3925B5EEF70078335D /* Project object */ = {
			isa = PBXProject;
			attributes = {
				LastSwiftUpdateCheck = 1230;
				LastUpgradeCheck = 1230;
				TargetAttributes = {
					EB214B4025B5EEF70078335D = {
						CreatedOnToolsVersion = 12.3;
					};
				};
			};
			buildConfigurationList = EB214B3C25B5EEF70078335D /* Build configuration list for PBXProject "AwesomeQuotes" */;
			compatibilityVersion = "Xcode 9.3";
			developmentRegion = en;
			hasScannedForEncodings = 0;
			knownRegions = (
				en,
				Base,
			);
			mainGroup = EB214B3825B5EEF70078335D;
			productRefGroup = EB214B4225B5EEF70078335D /* Products */;
			projectDirPath = "";
			projectRoot = "";
			targets = (
				EB214B4025B5EEF70078335D /* AwesomeQuotes */,
			);
		};
/* End PBXProject section */

/* Begin PBXResourcesBuildPhase section */
		EB214B3F25B5EEF70078335D /* Resources */ = {
			isa = PBXResourcesBuildPhase;
			buildActionMask = 2147483647;
			files = (
				EB214B4C25B5EEFB0078335D /* Preview Assets.xcassets in Resources */,
				EB214B4925B5EEFB0078335D /* Assets.xcassets in Resources */,
			);
			runOnlyForDeploymentPostprocessing = 0;
		};
/* End PBXResourcesBuildPhase section */

/* Begin PBXSourcesBuildPhase section */
		EB214B3D25B5EEF70078335D /* Sources */ = {
			isa = PBXSourcesBuildPhase;
			buildActionMask = 2147483647;
			files = (
				EBD550A625B69A74006A719D /* QuoteCell.swift in Sources */,
				EB214B4725B5EEF70078335D /* MainView.swift in Sources */,
				EBD550AD25B6AA10006A719D /* NavigationLinkNoArrow.swift in Sources */,
				EBD550A925B6A325006A719D /* QuoteDetail.swift in Sources */,
				EB214B5A25B624590078335D /* Quote.swift in Sources */,
				EB214B4525B5EEF70078335D /* AwesomeQuotesApp.swift in Sources */,
			);
			runOnlyForDeploymentPostprocessing = 0;
		};
/* End PBXSourcesBuildPhase section */

/* Begin XCBuildConfiguration section */
		EB214B4E25B5EEFB0078335D /* Debug */ = {
			isa = XCBuildConfiguration;
			buildSettings = {
				ALWAYS_SEARCH_USER_PATHS = NO;
				CLANG_ANALYZER_NONNULL = YES;
				CLANG_ANALYZER_NUMBER_OBJECT_CONVERSION = YES_AGGRESSIVE;
				CLANG_CXX_LANGUAGE_STANDARD = "gnu++14";
				CLANG_CXX_LIBRARY = "libc++";
				CLANG_ENABLE_MODULES = YES;
				CLANG_ENABLE_OBJC_ARC = YES;
				CLANG_ENABLE_OBJC_WEAK = YES;
				CLANG_WARN_BLOCK_CAPTURE_AUTORELEASING = YES;
				CLANG_WARN_BOOL_CONVERSION = YES;
				CLANG_WARN_COMMA = YES;
				CLANG_WARN_CONSTANT_CONVERSION = YES;
				CLANG_WARN_DEPRECATED_OBJC_IMPLEMENTATIONS = YES;
				CLANG_WARN_DIRECT_OBJC_ISA_USAGE = YES_ERROR;
				CLANG_WARN_DOCUMENTATION_COMMENTS = YES;
				CLANG_WARN_EMPTY_BODY = YES;
				CLANG_WARN_ENUM_CONVERSION = YES;
				CLANG_WARN_INFINITE_RECURSION = YES;
				CLANG_WARN_INT_CONVERSION = YES;
				CLANG_WARN_NON_LITERAL_NULL_CONVERSION = YES;
				CLANG_WARN_OBJC_IMPLICIT_RETAIN_SELF = YES;
				CLANG_WARN_OBJC_LITERAL_CONVERSION = YES;
				CLANG_WARN_OBJC_ROOT_CLASS = YES_ERROR;
				CLANG_WARN_QUOTED_INCLUDE_IN_FRAMEWORK_HEADER = YES;
				CLANG_WARN_RANGE_LOOP_ANALYSIS = YES;
				CLANG_WARN_STRICT_PROTOTYPES = YES;
				CLANG_WARN_SUSPICIOUS_MOVE = YES;
				CLANG_WARN_UNGUARDED_AVAILABILITY = YES_AGGRESSIVE;
				CLANG_WARN_UNREACHABLE_CODE = YES;
				CLANG_WARN__DUPLICATE_METHOD_MATCH = YES;
				COPY_PHASE_STRIP = NO;
				DEBUG_INFORMATION_FORMAT = dwarf;
				ENABLE_STRICT_OBJC_MSGSEND = YES;
				ENABLE_TESTABILITY = YES;
				GCC_C_LANGUAGE_STANDARD = gnu11;
				GCC_DYNAMIC_NO_PIC = NO;
				GCC_NO_COMMON_BLOCKS = YES;
				GCC_OPTIMIZATION_LEVEL = 0;
				GCC_PREPROCESSOR_DEFINITIONS = (
					"DEBUG=1",
					"$(inherited)",
				);
				GCC_WARN_64_TO_32_BIT_CONVERSION = YES;
				GCC_WARN_ABOUT_RETURN_TYPE = YES_ERROR;
				GCC_WARN_UNDECLARED_SELECTOR = YES;
				GCC_WARN_UNINITIALIZED_AUTOS = YES_AGGRESSIVE;
				GCC_WARN_UNUSED_FUNCTION = YES;
				GCC_WARN_UNUSED_VARIABLE = YES;
				IPHONEOS_DEPLOYMENT_TARGET = 14.3;
				MTL_ENABLE_DEBUG_INFO = INCLUDE_SOURCE;
				MTL_FAST_MATH = YES;
				ONLY_ACTIVE_ARCH = YES;
				SDKROOT = iphoneos;
				SWIFT_ACTIVE_COMPILATION_CONDITIONS = DEBUG;
				SWIFT_OPTIMIZATION_LEVEL = "-Onone";
			};
			name = Debug;
		};
		EB214B4F25B5EEFB0078335D /* Release */ = {
			isa = XCBuildConfiguration;
			buildSettings = {
				ALWAYS_SEARCH_USER_PATHS = NO;
				CLANG_ANALYZER_NONNULL = YES;
				CLANG_ANALYZER_NUMBER_OBJECT_CONVERSION = YES_AGGRESSIVE;
				CLANG_CXX_LANGUAGE_STANDARD = "gnu++14";
				CLANG_CXX_LIBRARY = "libc++";
				CLANG_ENABLE_MODULES = YES;
				CLANG_ENABLE_OBJC_ARC = YES;
				CLANG_ENABLE_OBJC_WEAK = YES;
				CLANG_WARN_BLOCK_CAPTURE_AUTORELEASING = YES;
				CLANG_WARN_BOOL_CONVERSION = YES;
				CLANG_WARN_COMMA = YES;
				CLANG_WARN_CONSTANT_CONVERSION = YES;
				CLANG_WARN_DEPRECATED_OBJC_IMPLEMENTATIONS = YES;
				CLANG_WARN_DIRECT_OBJC_ISA_USAGE = YES_ERROR;
				CLANG_WARN_DOCUMENTATION_COMMENTS = YES;
				CLANG_WARN_EMPTY_BODY = YES;
				CLANG_WARN_ENUM_CONVERSION = YES;
				CLANG_WARN_INFINITE_RECURSION = YES;
				CLANG_WARN_INT_CONVERSION = YES;
				CLANG_WARN_NON_LITERAL_NULL_CONVERSION = YES;
				CLANG_WARN_OBJC_IMPLICIT_RETAIN_SELF = YES;
				CLANG_WARN_OBJC_LITERAL_CONVERSION = YES;
				CLANG_WARN_OBJC_ROOT_CLASS = YES_ERROR;
				CLANG_WARN_QUOTED_INCLUDE_IN_FRAMEWORK_HEADER = YES;
				CLANG_WARN_RANGE_LOOP_ANALYSIS = YES;
				CLANG_WARN_STRICT_PROTOTYPES = YES;
				CLANG_WARN_SUSPICIOUS_MOVE = YES;
				CLANG_WARN_UNGUARDED_AVAILABILITY = YES_AGGRESSIVE;
				CLANG_WARN_UNREACHABLE_CODE = YES;
				CLANG_WARN__DUPLICATE_METHOD_MATCH = YES;
				COPY_PHASE_STRIP = NO;
				DEBUG_INFORMATION_FORMAT = "dwarf-with-dsym";
				ENABLE_NS_ASSERTIONS = NO;
				ENABLE_STRICT_OBJC_MSGSEND = YES;
				GCC_C_LANGUAGE_STANDARD = gnu11;
				GCC_NO_COMMON_BLOCKS = YES;
				GCC_WARN_64_TO_32_BIT_CONVERSION = YES;
				GCC_WARN_ABOUT_RETURN_TYPE = YES_ERROR;
				GCC_WARN_UNDECLARED_SELECTOR = YES;
				GCC_WARN_UNINITIALIZED_AUTOS = YES_AGGRESSIVE;
				GCC_WARN_UNUSED_FUNCTION = YES;
				GCC_WARN_UNUSED_VARIABLE = YES;
				IPHONEOS_DEPLOYMENT_TARGET = 14.3;
				MTL_ENABLE_DEBUG_INFO = NO;
				MTL_FAST_MATH = YES;
				SDKROOT = iphoneos;
				SWIFT_COMPILATION_MODE = wholemodule;
				SWIFT_OPTIMIZATION_LEVEL = "-O";
				VALIDATE_PRODUCT = YES;
			};
			name = Release;
		};
		EB214B5125B5EEFB0078335D /* Debug */ = {
			isa = XCBuildConfiguration;
			buildSettings = {
				ASSETCATALOG_COMPILER_APPICON_NAME = AppIcon;
				ASSETCATALOG_COMPILER_GLOBAL_ACCENT_COLOR_NAME = AccentColor;
				CODE_SIGN_STYLE = Automatic;
				DEVELOPMENT_ASSET_PATHS = "\"AwesomeQuotes/Preview Content\"";
				DEVELOPMENT_TEAM = LHJA6J73E9;
				ENABLE_PREVIEWS = YES;
				INFOPLIST_FILE = AwesomeQuotes/Info.plist;
				IPHONEOS_DEPLOYMENT_TARGET = 14.0;
				LD_RUNPATH_SEARCH_PATHS = (
					"$(inherited)",
					"@executable_path/Frameworks",
				);
				PRODUCT_BUNDLE_IDENTIFIER = com.swiftandtips.AwesomeQuotes;
				PRODUCT_NAME = "$(TARGET_NAME)";
				SWIFT_VERSION = 5.0;
				TARGETED_DEVICE_FAMILY = "1,2";
			};
			name = Debug;
		};
		EB214B5225B5EEFB0078335D /* Release */ = {
			isa = XCBuildConfiguration;
			buildSettings = {
				ASSETCATALOG_COMPILER_APPICON_NAME = AppIcon;
				ASSETCATALOG_COMPILER_GLOBAL_ACCENT_COLOR_NAME = AccentColor;
				CODE_SIGN_STYLE = Automatic;
				DEVELOPMENT_ASSET_PATHS = "\"AwesomeQuotes/Preview Content\"";
				DEVELOPMENT_TEAM = LHJA6J73E9;
				ENABLE_PREVIEWS = YES;
				INFOPLIST_FILE = AwesomeQuotes/Info.plist;
				IPHONEOS_DEPLOYMENT_TARGET = 14.0;
				LD_RUNPATH_SEARCH_PATHS = (
					"$(inherited)",
					"@executable_path/Frameworks",
				);
				PRODUCT_BUNDLE_IDENTIFIER = com.swiftandtips.AwesomeQuotes;
				PRODUCT_NAME = "$(TARGET_NAME)";
				SWIFT_VERSION = 5.0;
				TARGETED_DEVICE_FAMILY = "1,2";
			};
			name = Release;
		};
/* End XCBuildConfiguration section */

/* Begin XCConfigurationList section */
		EB214B3C25B5EEF70078335D /* Build configuration list for PBXProject "AwesomeQuotes" */ = {
			isa = XCConfigurationList;
			buildConfigurations = (
				EB214B4E25B5EEFB0078335D /* Debug */,
				EB214B4F25B5EEFB0078335D /* Release */,
			);
			defaultConfigurationIsVisible = 0;
			defaultConfigurationName = Release;
		};
		EB214B5025B5EEFB0078335D /* Build configuration list for PBXNativeTarget "AwesomeQuotes" */ = {
			isa = XCConfigurationList;
			buildConfigurations = (
				EB214B5125B5EEFB0078335D /* Debug */,
				EB214B5225B5EEFB0078335D /* Release */,
			);
			defaultConfigurationIsVisible = 0;
			defaultConfigurationName = Release;
		};
/* End XCConfigurationList section */
	};
	rootObject = EB214B3925B5EEF70078335D /* Project object */;
}
